{
    "version": 3,
    "terraform_version": "0.7.10",
    "serial": 16,
    "lineage": "42241762-3927-4025-a65c-57cd4b833466",
    "modules": [
        {
            "path": [
                "root"
            ],
            "outputs": {},
            "resources": {
                "aws_db_instance.db": {
                    "type": "aws_db_instance",
                    "depends_on": [
                        "aws_db_subnet_group.rds_instance_group",
                        "aws_security_group.rds"
                    ],
                    "primary": {
                        "id": "tf-20170801110228122826858mo2",
                        "attributes": {
                            "address": "tf-20170801110228122826858mo2.c85dgmhjhuze.us-west-2.rds.amazonaws.com",
                            "allocated_storage": "20",
                            "arn": "arn:aws:rds:us-west-2:297929427764:db:tf-20170801110228122826858mo2",
                            "auto_minor_version_upgrade": "true",
                            "availability_zone": "us-west-2b",
                            "backup_retention_period": "0",
                            "backup_window": "06:23-06:53",
                            "copy_tags_to_snapshot": "false",
                            "db_subnet_group_name": "rds_instance_group",
                            "endpoint": "tf-20170801110228122826858mo2.c85dgmhjhuze.us-west-2.rds.amazonaws.com:3306",
                            "engine": "mysql",
                            "engine_version": "5.6.27",
                            "id": "tf-20170801110228122826858mo2",
                            "identifier": "tf-20170801110228122826858mo2",
                            "instance_class": "db.t2.micro",
                            "iops": "0",
                            "kms_key_id": "",
                            "license_model": "general-public-license",
                            "maintenance_window": "sat:13:17-sat:13:47",
                            "monitoring_interval": "0",
                            "multi_az": "false",
                            "name": "lldev01",
                            "option_group_name": "default:mysql-5-6",
                            "parameter_group_name": "default.mysql5.6",
                            "password": "lldev01pass",
                            "port": "3306",
                            "publicly_accessible": "false",
                            "replicas.#": "0",
                            "replicate_source_db": "",
                            "security_group_names.#": "0",
                            "skip_final_snapshot": "true",
                            "status": "available",
                            "storage_encrypted": "false",
                            "storage_type": "standard",
                            "tags.%": "0",
                            "username": "lldev01",
                            "vpc_security_group_ids.#": "1",
                            "vpc_security_group_ids.332493426": "sg-e6bb289c"
                        },
                        "meta": {},
                        "tainted": false
                    },
                    "deposed": [],
                    "provider": ""
                },
                "aws_db_subnet_group.rds_instance_group": {
                    "type": "aws_db_subnet_group",
                    "depends_on": [
                        "aws_subnet.rds1",
                        "aws_subnet.rds2",
                        "aws_subnet.rds3"
                    ],
                    "primary": {
                        "id": "rds_instance_group",
                        "attributes": {
                            "arn": "arn:aws:rds:us-west-2:297929427764:subgrp:rds_instance_group",
                            "description": "Managed by Terraform",
                            "id": "rds_instance_group",
                            "name": "rds_instance_group",
                            "subnet_ids.#": "3",
                            "subnet_ids.1968187173": "subnet-3fb8b676",
                            "subnet_ids.22727503": "subnet-1fb24579",
                            "subnet_ids.3127220580": "subnet-f566ebae",
                            "tags.%": "1",
                            "tags.Name": "rds_sng"
                        },
                        "meta": {},
                        "tainted": false
                    },
                    "deposed": [],
                    "provider": ""
                },
                "aws_default_route_table.private": {
                    "type": "aws_default_route_table",
                    "depends_on": [
                        "aws_vpc.vpc"
                    ],
                    "primary": {
                        "id": "rtb-fcb98c9a",
                        "attributes": {
                            "default_route_table_id": "rtb-fcb98c9a",
                            "id": "rtb-fcb98c9a",
                            "propagating_vgws.#": "0",
                            "route.#": "0",
                            "tags.%": "1",
                            "tags.Name": "private",
                            "vpc_id": "vpc-4ef25728"
                        },
                        "meta": {},
                        "tainted": false
                    },
                    "deposed": [],
                    "provider": ""
                },
                "aws_elb.prod": {
                    "type": "aws_elb",
                    "depends_on": [
                        "aws_security_group.public",
                        "aws_subnet.private1",
                        "aws_subnet.private2"
                    ],
                    "primary": {
                        "id": "linuxlibrary-prod-elb",
                        "attributes": {
                            "access_logs.#": "0",
                            "availability_zones.#": "2",
                            "availability_zones.2050015877": "us-west-2c",
                            "availability_zones.221770259": "us-west-2b",
                            "connection_draining": "true",
                            "connection_draining_timeout": "400",
                            "cross_zone_load_balancing": "true",
                            "dns_name": "linuxlibrary-prod-elb-1785879774.us-west-2.elb.amazonaws.com",
                            "health_check.#": "1",
                            "health_check.0.healthy_threshold": "2",
                            "health_check.0.interval": "30",
                            "health_check.0.target": "HTTP:80/",
                            "health_check.0.timeout": "3",
                            "health_check.0.unhealthy_threshold": "2",
                            "id": "linuxlibrary-prod-elb",
                            "idle_timeout": "400",
                            "instances.#": "0",
                            "internal": "false",
                            "listener.#": "1",
                            "listener.3057123346.instance_port": "80",
                            "listener.3057123346.instance_protocol": "http",
                            "listener.3057123346.lb_port": "80",
                            "listener.3057123346.lb_protocol": "http",
                            "listener.3057123346.ssl_certificate_id": "",
                            "name": "linuxlibrary-prod-elb",
                            "security_groups.#": "1",
                            "security_groups.1895763873": "sg-feb82b84",
                            "source_security_group": "297929427764/sg_public",
                            "source_security_group_id": "sg-feb82b84",
                            "subnets.#": "2",
                            "subnets.2454790770": "subnet-5861ec03",
                            "subnets.574700834": "subnet-e2b5bbab",
                            "tags.%": "1",
                            "tags.Name": "linuxlibrary-prod-elb",
                            "zone_id": "Z1H1FL5HABSF5"
                        },
                        "meta": {},
                        "tainted": false
                    },
                    "deposed": [],
                    "provider": ""
                },
                "aws_iam_instance_profile.s3_access": {
                    "type": "aws_iam_instance_profile",
                    "depends_on": [
                        "aws_iam_role.s3_access"
                    ],
                    "primary": {
                        "id": "s3_access",
                        "attributes": {
                            "arn": "arn:aws:iam::297929427764:instance-profile/s3_access",
                            "id": "s3_access",
                            "name": "s3_access",
                            "path": "/",
                            "roles.#": "1",
                            "roles.1179888777": "s3_access"
                        },
                        "meta": {},
                        "tainted": false
                    },
                    "deposed": [],
                    "provider": ""
                },
                "aws_iam_role.s3_access": {
                    "type": "aws_iam_role",
                    "depends_on": [],
                    "primary": {
                        "id": "s3_access",
                        "attributes": {
                            "arn": "arn:aws:iam::297929427764:role/s3_access",
                            "assume_role_policy": "{\n  \"Version\": \"2012-10-17\",\n  \"Statement\": [\n    {\n      \"Action\": \"sts:AssumeRole\",\n      \"Principal\": {\n        \"Service\": \"ec2.amazonaws.com\"\n      },\n      \"Effect\": \"Allow\",\n      \"Sid\": \"\"\n    }\n  ]\n}\n",
                            "id": "s3_access",
                            "name": "s3_access",
                            "path": "/",
                            "unique_id": "AROAJFAYOXXWNFLJHOVL4"
                        },
                        "meta": {},
                        "tainted": false
                    },
                    "deposed": [],
                    "provider": ""
                },
                "aws_iam_role_policy.s3_access_policy": {
                    "type": "aws_iam_role_policy",
                    "depends_on": [
                        "aws_iam_role.s3_access"
                    ],
                    "primary": {
                        "id": "s3_access:s3_access_policy",
                        "attributes": {
                            "id": "s3_access:s3_access_policy",
                            "name": "s3_access_policy",
                            "policy": "{\n  \"Version\": \"2012-10-17\",\n  \"Statement\": [\n    {\n      \"Effect\": \"Allow\",\n      \"Action\": \"s3:*\",\n      \"Resource\": \"*\"\n    }\n  ]\n}\n",
                            "role": "s3_access"
                        },
                        "meta": {},
                        "tainted": false
                    },
                    "deposed": [],
                    "provider": ""
                },
                "aws_instance.dev": {
                    "type": "aws_instance",
                    "depends_on": [
                        "aws_iam_instance_profile.s3_access",
                        "aws_key_pair.auth",
                        "aws_s3_bucket.code",
                        "aws_security_group.public",
                        "aws_subnet.public"
                    ],
                    "primary": {
                        "id": "i-00a291246a9232b76",
                        "attributes": {
                            "ami": "ami-b55a51cc",
                            "associate_public_ip_address": "true",
                            "availability_zone": "us-west-2a",
                            "disable_api_termination": "false",
                            "ebs_block_device.#": "0",
                            "ebs_optimized": "false",
                            "ephemeral_block_device.#": "0",
                            "iam_instance_profile": "s3_access",
                            "id": "i-00a291246a9232b76",
                            "instance_state": "running",
                            "instance_type": "t2.micro",
                            "key_name": "lldev01",
                            "monitoring": "false",
                            "network_interface_id": "eni-fc2a74d0",
                            "private_dns": "ip-10-1-1-51.us-west-2.compute.internal",
                            "private_ip": "10.1.1.51",
                            "public_dns": "",
                            "public_ip": "35.162.118.33",
                            "root_block_device.#": "1",
                            "root_block_device.0.delete_on_termination": "true",
                            "root_block_device.0.iops": "100",
                            "root_block_device.0.volume_size": "10",
                            "root_block_device.0.volume_type": "gp2",
                            "security_groups.#": "0",
                            "source_dest_check": "true",
                            "subnet_id": "subnet-30b34456",
                            "tags.%": "1",
                            "tags.Name": "dev",
                            "tenancy": "default",
                            "vpc_security_group_ids.#": "1",
                            "vpc_security_group_ids.1895763873": "sg-feb82b84"
                        },
                        "meta": {
                            "schema_version": "1"
                        },
                        "tainted": true
                    },
                    "deposed": [],
                    "provider": ""
                },
                "aws_internet_gateway.igw01": {
                    "type": "aws_internet_gateway",
                    "depends_on": [
                        "aws_vpc.vpc"
                    ],
                    "primary": {
                        "id": "igw-f8f96c9f",
                        "attributes": {
                            "id": "igw-f8f96c9f",
                            "tags.%": "1",
                            "tags.Name": "igw01",
                            "vpc_id": "vpc-4ef25728"
                        },
                        "meta": {},
                        "tainted": false
                    },
                    "deposed": [],
                    "provider": ""
                },
                "aws_key_pair.auth": {
                    "type": "aws_key_pair",
                    "depends_on": [],
                    "primary": {
                        "id": "lldev01",
                        "attributes": {
                            "id": "lldev01",
                            "key_name": "lldev01",
                            "public_key": "ssh-rsa AAAAB3NzaC1yc2EAAAADAQABAAABAQC05e0870ZoHqWf1iKgkuaaLhhrs6WSKc/U8C93h/fpf486a+ZtQzcx2Off8ZewAGd40fG+8bF/CjCTyqac0lrCOBYCMEWYCSyOhnbXShPDVwug3LcJqIjOOxc2einN0IpUzND495EFtKq5Zf07VeASATnGObs+5XQfl/wJzmem7p3iWNMEA147D+VVquONmXHyDHpOSgQfMlQ0csElmGh5FyBnOHqvM/6b6eCOFKl+zZKZOXCUQaKgwVG6i0qdKQcacIc0QG/HfznJ1iTIMLZaGBoy0qOe8NYMIz2QRnLsbxAbPL3hE/RJYuE5SOh8FdakifuNwo/T0kznUXL7DQ4h ec2-user@atmecs-as119"
                        },
                        "meta": {
                            "schema_version": "1"
                        },
                        "tainted": false
                    },
                    "deposed": [],
                    "provider": ""
                },
                "aws_route_table.public": {
                    "type": "aws_route_table",
                    "depends_on": [
                        "aws_internet_gateway.igw01",
                        "aws_vpc.vpc"
                    ],
                    "primary": {
                        "id": "rtb-b3bd88d5",
                        "attributes": {
                            "id": "rtb-b3bd88d5",
                            "propagating_vgws.#": "0",
                            "route.#": "1",
                            "route.1999161799.cidr_block": "0.0.0.0/0",
                            "route.1999161799.gateway_id": "igw-f8f96c9f",
                            "route.1999161799.instance_id": "",
                            "route.1999161799.nat_gateway_id": "",
                            "route.1999161799.network_interface_id": "",
                            "route.1999161799.vpc_peering_connection_id": "",
                            "tags.%": "1",
                            "tags.Name": "public",
                            "vpc_id": "vpc-4ef25728"
                        },
                        "meta": {},
                        "tainted": false
                    },
                    "deposed": [],
                    "provider": ""
                },
                "aws_route_table_association.private1-assoc": {
                    "type": "aws_route_table_association",
                    "depends_on": [
                        "aws_route_table.public",
                        "aws_subnet.private1"
                    ],
                    "primary": {
                        "id": "rtbassoc-62899e1b",
                        "attributes": {
                            "id": "rtbassoc-62899e1b",
                            "route_table_id": "rtb-b3bd88d5",
                            "subnet_id": "subnet-e2b5bbab"
                        },
                        "meta": {},
                        "tainted": false
                    },
                    "deposed": [],
                    "provider": ""
                },
                "aws_route_table_association.private2-assoc": {
                    "type": "aws_route_table_association",
                    "depends_on": [
                        "aws_route_table.public",
                        "aws_subnet.private2"
                    ],
                    "primary": {
                        "id": "rtbassoc-428e993b",
                        "attributes": {
                            "id": "rtbassoc-428e993b",
                            "route_table_id": "rtb-b3bd88d5",
                            "subnet_id": "subnet-5861ec03"
                        },
                        "meta": {},
                        "tainted": false
                    },
                    "deposed": [],
                    "provider": ""
                },
                "aws_route_table_association.public_assoc": {
                    "type": "aws_route_table_association",
                    "depends_on": [
                        "aws_route_table.public",
                        "aws_subnet.public"
                    ],
                    "primary": {
                        "id": "rtbassoc-218a9d58",
                        "attributes": {
                            "id": "rtbassoc-218a9d58",
                            "route_table_id": "rtb-b3bd88d5",
                            "subnet_id": "subnet-30b34456"
                        },
                        "meta": {},
                        "tainted": false
                    },
                    "deposed": [],
                    "provider": ""
                },
                "aws_s3_bucket.code": {
                    "type": "aws_s3_bucket",
                    "depends_on": [],
                    "primary": {
                        "id": "linuxlibrary-lldev01-code",
                        "attributes": {
                            "acceleration_status": "",
                            "acl": "private",
                            "arn": "arn:aws:s3:::linuxlibrary-lldev01-code",
                            "bucket": "linuxlibrary-lldev01-code",
                            "force_destroy": "true",
                            "hosted_zone_id": "Z3BJ6K6RIION7M",
                            "id": "linuxlibrary-lldev01-code",
                            "region": "us-west-2",
                            "request_payer": "BucketOwner",
                            "tags.%": "1",
                            "tags.Name": "lldev01_code",
                            "website.#": "0"
                        },
                        "meta": {},
                        "tainted": false
                    },
                    "deposed": [],
                    "provider": ""
                },
                "aws_security_group.jumphost": {
                    "type": "aws_security_group",
                    "depends_on": [
                        "aws_vpc.vpc"
                    ],
                    "primary": {
                        "id": "sg-24b92a5e",
                        "attributes": {
                            "description": "Used for Jump host access",
                            "egress.#": "0",
                            "id": "sg-24b92a5e",
                            "ingress.#": "1",
                            "ingress.2541437006.cidr_blocks.#": "1",
                            "ingress.2541437006.cidr_blocks.0": "0.0.0.0/0",
                            "ingress.2541437006.from_port": "22",
                            "ingress.2541437006.protocol": "tcp",
                            "ingress.2541437006.security_groups.#": "0",
                            "ingress.2541437006.self": "false",
                            "ingress.2541437006.to_port": "22",
                            "name": "sg_jumphost",
                            "owner_id": "297929427764",
                            "tags.%": "1",
                            "tags.Name": "sg-jumphost",
                            "vpc_id": "vpc-4ef25728"
                        },
                        "meta": {},
                        "tainted": false
                    },
                    "deposed": [],
                    "provider": ""
                },
                "aws_security_group.private": {
                    "type": "aws_security_group",
                    "depends_on": [
                        "aws_vpc.vpc"
                    ],
                    "primary": {
                        "id": "sg-5eb82b24",
                        "attributes": {
                            "description": "Used for private instances",
                            "egress.#": "1",
                            "egress.482069346.cidr_blocks.#": "1",
                            "egress.482069346.cidr_blocks.0": "0.0.0.0/0",
                            "egress.482069346.from_port": "0",
                            "egress.482069346.prefix_list_ids.#": "0",
                            "egress.482069346.protocol": "-1",
                            "egress.482069346.security_groups.#": "0",
                            "egress.482069346.self": "false",
                            "egress.482069346.to_port": "0",
                            "id": "sg-5eb82b24",
                            "ingress.#": "1",
                            "ingress.1671886063.cidr_blocks.#": "1",
                            "ingress.1671886063.cidr_blocks.0": "10.1.0.0/16",
                            "ingress.1671886063.from_port": "0",
                            "ingress.1671886063.protocol": "-1",
                            "ingress.1671886063.security_groups.#": "0",
                            "ingress.1671886063.self": "false",
                            "ingress.1671886063.to_port": "0",
                            "name": "sg_private",
                            "owner_id": "297929427764",
                            "tags.%": "1",
                            "tags.Name": "sg_private",
                            "vpc_id": "vpc-4ef25728"
                        },
                        "meta": {},
                        "tainted": false
                    },
                    "deposed": [],
                    "provider": ""
                },
                "aws_security_group.public": {
                    "type": "aws_security_group",
                    "depends_on": [
                        "aws_vpc.vpc"
                    ],
                    "primary": {
                        "id": "sg-feb82b84",
                        "attributes": {
                            "description": "Used for Public and Private instances for load balancer access",
                            "egress.#": "1",
                            "egress.482069346.cidr_blocks.#": "1",
                            "egress.482069346.cidr_blocks.0": "0.0.0.0/0",
                            "egress.482069346.from_port": "0",
                            "egress.482069346.prefix_list_ids.#": "0",
                            "egress.482069346.protocol": "-1",
                            "egress.482069346.security_groups.#": "0",
                            "egress.482069346.self": "false",
                            "egress.482069346.to_port": "0",
                            "id": "sg-feb82b84",
                            "ingress.#": "2",
                            "ingress.2214680975.cidr_blocks.#": "1",
                            "ingress.2214680975.cidr_blocks.0": "0.0.0.0/0",
                            "ingress.2214680975.from_port": "80",
                            "ingress.2214680975.protocol": "tcp",
                            "ingress.2214680975.security_groups.#": "0",
                            "ingress.2214680975.self": "false",
                            "ingress.2214680975.to_port": "80",
                            "ingress.2541437006.cidr_blocks.#": "1",
                            "ingress.2541437006.cidr_blocks.0": "0.0.0.0/0",
                            "ingress.2541437006.from_port": "22",
                            "ingress.2541437006.protocol": "tcp",
                            "ingress.2541437006.security_groups.#": "0",
                            "ingress.2541437006.self": "false",
                            "ingress.2541437006.to_port": "22",
                            "name": "sg_public",
                            "owner_id": "297929427764",
                            "tags.%": "1",
                            "tags.Name": "sg_public",
                            "vpc_id": "vpc-4ef25728"
                        },
                        "meta": {},
                        "tainted": false
                    },
                    "deposed": [],
                    "provider": ""
                },
                "aws_security_group.rds": {
                    "type": "aws_security_group",
                    "depends_on": [
                        "aws_security_group.private",
                        "aws_security_group.public",
                        "aws_vpc.vpc"
                    ],
                    "primary": {
                        "id": "sg-e6bb289c",
                        "attributes": {
                            "description": "Used for DB instances",
                            "egress.#": "0",
                            "id": "sg-e6bb289c",
                            "ingress.#": "1",
                            "ingress.211360580.cidr_blocks.#": "0",
                            "ingress.211360580.from_port": "3306",
                            "ingress.211360580.protocol": "tcp",
                            "ingress.211360580.security_groups.#": "2",
                            "ingress.211360580.security_groups.1371083534": "sg-5eb82b24",
                            "ingress.211360580.security_groups.1895763873": "sg-feb82b84",
                            "ingress.211360580.self": "false",
                            "ingress.211360580.to_port": "3306",
                            "name": "sg_rds",
                            "owner_id": "297929427764",
                            "tags.%": "1",
                            "tags.Name": "sg_rds",
                            "vpc_id": "vpc-4ef25728"
                        },
                        "meta": {},
                        "tainted": false
                    },
                    "deposed": [],
                    "provider": ""
                },
                "aws_subnet.private1": {
                    "type": "aws_subnet",
                    "depends_on": [
                        "aws_vpc.vpc"
                    ],
                    "primary": {
                        "id": "subnet-e2b5bbab",
                        "attributes": {
                            "availability_zone": "us-west-2b",
                            "cidr_block": "10.1.2.0/24",
                            "id": "subnet-e2b5bbab",
                            "map_public_ip_on_launch": "false",
                            "tags.%": "1",
                            "tags.Name": "private1",
                            "vpc_id": "vpc-4ef25728"
                        },
                        "meta": {},
                        "tainted": false
                    },
                    "deposed": [],
                    "provider": ""
                },
                "aws_subnet.private2": {
                    "type": "aws_subnet",
                    "depends_on": [
                        "aws_vpc.vpc"
                    ],
                    "primary": {
                        "id": "subnet-5861ec03",
                        "attributes": {
                            "availability_zone": "us-west-2c",
                            "cidr_block": "10.1.3.0/24",
                            "id": "subnet-5861ec03",
                            "map_public_ip_on_launch": "false",
                            "tags.%": "1",
                            "tags.Name": "private2",
                            "vpc_id": "vpc-4ef25728"
                        },
                        "meta": {},
                        "tainted": false
                    },
                    "deposed": [],
                    "provider": ""
                },
                "aws_subnet.public": {
                    "type": "aws_subnet",
                    "depends_on": [
                        "aws_vpc.vpc"
                    ],
                    "primary": {
                        "id": "subnet-30b34456",
                        "attributes": {
                            "availability_zone": "us-west-2a",
                            "cidr_block": "10.1.1.0/24",
                            "id": "subnet-30b34456",
                            "map_public_ip_on_launch": "true",
                            "tags.%": "1",
                            "tags.Name": "public",
                            "vpc_id": "vpc-4ef25728"
                        },
                        "meta": {},
                        "tainted": false
                    },
                    "deposed": [],
                    "provider": ""
                },
                "aws_subnet.rds1": {
                    "type": "aws_subnet",
                    "depends_on": [
                        "aws_vpc.vpc"
                    ],
                    "primary": {
                        "id": "subnet-1fb24579",
                        "attributes": {
                            "availability_zone": "us-west-2a",
                            "cidr_block": "10.1.4.0/24",
                            "id": "subnet-1fb24579",
                            "map_public_ip_on_launch": "false",
                            "tags.%": "1",
                            "tags.Name": "rds1",
                            "vpc_id": "vpc-4ef25728"
                        },
                        "meta": {},
                        "tainted": false
                    },
                    "deposed": [],
                    "provider": ""
                },
                "aws_subnet.rds2": {
                    "type": "aws_subnet",
                    "depends_on": [
                        "aws_vpc.vpc"
                    ],
                    "primary": {
                        "id": "subnet-3fb8b676",
                        "attributes": {
                            "availability_zone": "us-west-2b",
                            "cidr_block": "10.1.5.0/24",
                            "id": "subnet-3fb8b676",
                            "map_public_ip_on_launch": "false",
                            "tags.%": "1",
                            "tags.Name": "rds2",
                            "vpc_id": "vpc-4ef25728"
                        },
                        "meta": {},
                        "tainted": false
                    },
                    "deposed": [],
                    "provider": ""
                },
                "aws_subnet.rds3": {
                    "type": "aws_subnet",
                    "depends_on": [
                        "aws_vpc.vpc"
                    ],
                    "primary": {
                        "id": "subnet-f566ebae",
                        "attributes": {
                            "availability_zone": "us-west-2c",
                            "cidr_block": "10.1.6.0/24",
                            "id": "subnet-f566ebae",
                            "map_public_ip_on_launch": "false",
                            "tags.%": "1",
                            "tags.Name": "rds3",
                            "vpc_id": "vpc-4ef25728"
                        },
                        "meta": {},
                        "tainted": false
                    },
                    "deposed": [],
                    "provider": ""
                },
                "aws_vpc.vpc": {
                    "type": "aws_vpc",
                    "depends_on": [],
                    "primary": {
                        "id": "vpc-4ef25728",
                        "attributes": {
                            "cidr_block": "10.1.0.0/16",
                            "default_network_acl_id": "acl-2f395149",
                            "default_route_table_id": "rtb-fcb98c9a",
                            "default_security_group_id": "sg-21b92a5b",
                            "dhcp_options_id": "dopt-deb491ba",
                            "enable_classiclink": "false",
                            "enable_dns_hostnames": "false",
                            "enable_dns_support": "true",
                            "id": "vpc-4ef25728",
                            "instance_tenancy": "default",
                            "main_route_table_id": "rtb-fcb98c9a",
                            "tags.%": "1",
                            "tags.Name": "lldev01"
                        },
                        "meta": {},
                        "tainted": false
                    },
                    "deposed": [],
                    "provider": ""
                },
                "aws_vpc_endpoint.private-s3": {
                    "type": "aws_vpc_endpoint",
                    "depends_on": [
                        "aws_route_table.public",
                        "aws_vpc.vpc",
                        "aws_vpc.vpc"
                    ],
                    "primary": {
                        "id": "vpce-6a4eb103",
                        "attributes": {
                            "id": "vpce-6a4eb103",
                            "policy": "{\"Statement\":[{\"Action\":\"*\",\"Effect\":\"Allow\",\"Principal\":\"*\",\"Resource\":\"*\"}],\"Version\":\"2008-10-17\"}",
                            "prefix_list_id": "pl-68a54001",
                            "route_table_ids.#": "2",
                            "route_table_ids.1427880813": "rtb-fcb98c9a",
                            "route_table_ids.838672639": "rtb-b3bd88d5",
                            "service_name": "com.amazonaws.us-west-2.s3",
                            "vpc_id": "vpc-4ef25728"
                        },
                        "meta": {},
                        "tainted": false
                    },
                    "deposed": [],
                    "provider": ""
                },
                "random_id.ami": {
                    "type": "random_id",
                    "depends_on": [],
                    "primary": {
                        "id": "X_DzIX4nxJM",
                        "attributes": {
                            "b64": "X_DzIX4nxJM",
                            "b64_std": "X/DzIX4nxJM=",
                            "b64_url": "X_DzIX4nxJM",
                            "byte_length": "8",
                            "dec": "6913292753189717139",
                            "hex": "5ff0f3217e27c493",
                            "id": "X_DzIX4nxJM"
                        },
                        "meta": {},
                        "tainted": false
                    },
                    "deposed": [],
                    "provider": ""
                },
                "random_id.asg": {
                    "type": "random_id",
                    "depends_on": [],
                    "primary": {
                        "id": "gvZd5noZbEY",
                        "attributes": {
                            "b64": "gvZd5noZbEY",
                            "b64_std": "gvZd5noZbEY=",
                            "b64_url": "gvZd5noZbEY",
                            "byte_length": "8",
                            "dec": "9436833313673800774",
                            "hex": "82f65de67a196c46",
                            "id": "gvZd5noZbEY"
                        },
                        "meta": {},
                        "tainted": false
                    },
                    "deposed": [],
                    "provider": ""
                }
            },
            "depends_on": []
        }
    ]
}
