{
  "version": 4,
  "terraform_version": "0.12.6",
  "serial": 329,
  "lineage": "6cd274b8-524b-4418-37dd-d6eddc803e89",
  "outputs": {
    "instance_public_ips": {
      "value": [
        [
          "18.212.171.236",
          "18.209.167.153"
        ]
      ],
      "type": [
        "tuple",
        [
          [
            "tuple",
            [
              "string",
              "string"
            ]
          ]
        ]
      ]
    }
  },
  "resources": [
    {
      "mode": "data",
      "type": "external",
      "name": "localip",
      "provider": "provider.external",
      "instances": [
        {
          "schema_version": 0,
          "attributes": {
            "id": "-",
            "program": [
              "sh",
              "./myip.sh"
            ],
            "query": null,
            "result": {
              "myip": "27.6.107.174/32"
            },
            "working_dir": null
          }
        }
      ]
    },
    {
      "mode": "managed",
      "type": "aws_default_route_table",
      "name": "private",
      "provider": "provider.aws",
      "instances": [
        {
          "schema_version": 0,
          "attributes": {
            "default_route_table_id": "rtb-097d36564345b5fbb",
            "id": "rtb-097d36564345b5fbb",
            "owner_id": "670352645433",
            "propagating_vgws": null,
            "route": [],
            "tags": {
              "Name": "docker-private"
            },
            "vpc_id": "vpc-0bf19d8c220bc8fb4"
          },
          "private": "bnVsbA==",
          "depends_on": [
            "aws_vpc.vpc"
          ]
        }
      ]
    },
    {
      "mode": "managed",
      "type": "aws_instance",
      "name": "docker",
      "each": "list",
      "provider": "provider.aws",
      "instances": [
        {
          "index_key": 0,
          "schema_version": 1,
          "attributes": {
            "ami": "ami-05062c82c75ed4335",
            "arn": "arn:aws:ec2:us-east-1:670352645433:instance/i-00cf74b269254a8b1",
            "associate_public_ip_address": true,
            "availability_zone": "us-east-1a",
            "cpu_core_count": 1,
            "cpu_threads_per_core": 1,
            "credit_specification": [
              {
                "cpu_credits": "standard"
              }
            ],
            "disable_api_termination": false,
            "ebs_block_device": [],
            "ebs_optimized": false,
            "ephemeral_block_device": [],
            "get_password_data": false,
            "host_id": null,
            "iam_instance_profile": "",
            "id": "i-00cf74b269254a8b1",
            "instance_initiated_shutdown_behavior": null,
            "instance_state": "running",
            "instance_type": "t2.micro",
            "ipv6_address_count": 0,
            "ipv6_addresses": [],
            "key_name": "geekhost",
            "monitoring": false,
            "network_interface": [],
            "network_interface_id": null,
            "password_data": "",
            "placement_group": "",
            "primary_network_interface_id": "eni-0f2ff2c3d01e8b1a5",
            "private_dns": "ip-10-1-1-91.ec2.internal",
            "private_ip": "10.1.1.91",
            "public_dns": "",
            "public_ip": "18.212.171.236",
            "root_block_device": [
              {
                "delete_on_termination": true,
                "encrypted": false,
                "iops": 100,
                "kms_key_id": "",
                "volume_id": "vol-0cd79dde20f6b2ad5",
                "volume_size": 8,
                "volume_type": "gp2"
              }
            ],
            "security_groups": [],
            "source_dest_check": true,
            "subnet_id": "subnet-0e2fdb999f1a50e3b",
            "tags": {
              "Name": "docker_0"
            },
            "tenancy": "default",
            "timeouts": null,
            "user_data": null,
            "user_data_base64": null,
            "volume_tags": {},
            "vpc_security_group_ids": [
              "sg-074d29d7876d701b7"
            ]
          },
          "private": "eyJlMmJmYjczMC1lY2FhLTExZTYtOGY4OC0zNDM2M2JjN2M0YzAiOnsiY3JlYXRlIjo2MDAwMDAwMDAwMDAsImRlbGV0ZSI6MTIwMDAwMDAwMDAwMCwidXBkYXRlIjo2MDAwMDAwMDAwMDB9LCJzY2hlbWFfdmVyc2lvbiI6IjEifQ==",
          "depends_on": [
            "aws_key_pair.geekhost",
            "aws_security_group.public",
            "aws_subnet.public"
          ]
        },
        {
          "index_key": 1,
          "schema_version": 1,
          "attributes": {
            "ami": "ami-05062c82c75ed4335",
            "arn": "arn:aws:ec2:us-east-1:670352645433:instance/i-0f92eb3f981bdbc7b",
            "associate_public_ip_address": true,
            "availability_zone": "us-east-1a",
            "cpu_core_count": 1,
            "cpu_threads_per_core": 1,
            "credit_specification": [
              {
                "cpu_credits": "standard"
              }
            ],
            "disable_api_termination": false,
            "ebs_block_device": [],
            "ebs_optimized": false,
            "ephemeral_block_device": [],
            "get_password_data": false,
            "host_id": null,
            "iam_instance_profile": "",
            "id": "i-0f92eb3f981bdbc7b",
            "instance_initiated_shutdown_behavior": null,
            "instance_state": "running",
            "instance_type": "t2.micro",
            "ipv6_address_count": 0,
            "ipv6_addresses": [],
            "key_name": "geekhost",
            "monitoring": false,
            "network_interface": [],
            "network_interface_id": null,
            "password_data": "",
            "placement_group": "",
            "primary_network_interface_id": "eni-0e035c65e36856ebd",
            "private_dns": "ip-10-1-1-22.ec2.internal",
            "private_ip": "10.1.1.22",
            "public_dns": "",
            "public_ip": "18.209.167.153",
            "root_block_device": [
              {
                "delete_on_termination": true,
                "encrypted": false,
                "iops": 100,
                "kms_key_id": "",
                "volume_id": "vol-08ad0491a6d8da2bc",
                "volume_size": 8,
                "volume_type": "gp2"
              }
            ],
            "security_groups": [],
            "source_dest_check": true,
            "subnet_id": "subnet-0e2fdb999f1a50e3b",
            "tags": {
              "Name": "docker_1"
            },
            "tenancy": "default",
            "timeouts": null,
            "user_data": null,
            "user_data_base64": null,
            "volume_tags": {},
            "vpc_security_group_ids": [
              "sg-074d29d7876d701b7"
            ]
          },
          "private": "eyJlMmJmYjczMC1lY2FhLTExZTYtOGY4OC0zNDM2M2JjN2M0YzAiOnsiY3JlYXRlIjo2MDAwMDAwMDAwMDAsImRlbGV0ZSI6MTIwMDAwMDAwMDAwMCwidXBkYXRlIjo2MDAwMDAwMDAwMDB9LCJzY2hlbWFfdmVyc2lvbiI6IjEifQ==",
          "depends_on": [
            "aws_key_pair.geekhost",
            "aws_security_group.public",
            "aws_subnet.public"
          ]
        }
      ]
    },
    {
      "mode": "managed",
      "type": "aws_internet_gateway",
      "name": "igw01",
      "provider": "provider.aws",
      "instances": [
        {
          "schema_version": 0,
          "attributes": {
            "id": "igw-0faa0e31131bbfae7",
            "owner_id": "670352645433",
            "tags": {
              "Name": "docker-igw01"
            },
            "vpc_id": "vpc-0bf19d8c220bc8fb4"
          },
          "private": "bnVsbA==",
          "depends_on": [
            "aws_vpc.vpc"
          ]
        }
      ]
    },
    {
      "mode": "managed",
      "type": "aws_key_pair",
      "name": "ansible",
      "provider": "provider.aws",
      "instances": [
        {
          "schema_version": 1,
          "attributes": {
            "fingerprint": "ef:ad:f4:65:66:3d:e5:a2:e4:e3:04:22:93:9b:76:f3",
            "id": "ansible",
            "key_name": "ansible",
            "key_name_prefix": null,
            "public_key": "ssh-rsa AAAAB3NzaC1yc2EAAAADAQABAAABAQCyxA1RHhpeYBXk49wCx1Bv5ycNxVQGrWbf9y2voy9jnJ6GrBUSyvrgeKF8oFD9BfhBXNsyUC/ySIPr5Fu1eIEMSb/vsJIHTpvMyuEo6S7qOX4a3uZMjXdPkroxoV3LFbSnAD5aPvL+ftmYBmqT7a6/4Kb0SQAfs0iuI0fDiFFgvQ2syhd3DfKIEJdnterSAAlNdKyUKLWkMMEgXtSpqyeiwIZQEKApGtt5QYvskbR+nWtRtwC5na52VDsYBIBqYonkxCsSiSSiROeJ79ZJHK8/LvHRfbh/ei0Kj9P/cFzxOZfim660x+G3XnKcHwtcB3znluuT0F7HxssUOtRp8MOV root@discoDingo"
          },
          "private": "eyJzY2hlbWFfdmVyc2lvbiI6IjEifQ=="
        }
      ]
    },
    {
      "mode": "managed",
      "type": "aws_key_pair",
      "name": "docker",
      "provider": "provider.aws",
      "instances": [
        {
          "schema_version": 1,
          "attributes": {
            "fingerprint": "3b:9c:1a:cd:a2:c9:b4:2f:36:7b:fb:4c:ae:97:04:16",
            "id": "docker",
            "key_name": "docker",
            "key_name_prefix": null,
            "public_key": "ssh-rsa AAAAB3NzaC1yc2EAAAADAQABAAABAQDar4r5U3RF1LK43eDAR7lHvjRXDURkP28Vma+tlb5Npkqn5Lbdfwut8meBP83lcpUeaad5CVFxW50YJrUZYmKQg1OsEHNK/7zRhUNUsVpQIcXyH1pLxoP2sFxz7Ozzh2NVF9CbXZIg9wMtCDlFRVOpy+WSU+XBLcGPLVOYJtbY+t9+b2wsFTC46M9BvujFKEAoS2RJAmtCpc0eQGKsjw/HYCrhXSf8RgqHSY2Z06KBHlRMe4hm3UZnDguP4V8/sk3DBg69MQyoGsGZNg1CBM3LRxePupMQIfBf61RyxBXK5BexPvoBiW9SRb9BGcKE6TkdY4+Po5D75209bMTqAt4J root@discoDingo"
          },
          "private": "eyJzY2hlbWFfdmVyc2lvbiI6IjEifQ=="
        }
      ]
    },
    {
      "mode": "managed",
      "type": "aws_key_pair",
      "name": "geekhost",
      "provider": "provider.aws",
      "instances": [
        {
          "schema_version": 1,
          "attributes": {
            "fingerprint": "3b:9c:1a:cd:a2:c9:b4:2f:36:7b:fb:4c:ae:97:04:16",
            "id": "geekhost",
            "key_name": "geekhost",
            "key_name_prefix": null,
            "public_key": "ssh-rsa AAAAB3NzaC1yc2EAAAADAQABAAABAQDar4r5U3RF1LK43eDAR7lHvjRXDURkP28Vma+tlb5Npkqn5Lbdfwut8meBP83lcpUeaad5CVFxW50YJrUZYmKQg1OsEHNK/7zRhUNUsVpQIcXyH1pLxoP2sFxz7Ozzh2NVF9CbXZIg9wMtCDlFRVOpy+WSU+XBLcGPLVOYJtbY+t9+b2wsFTC46M9BvujFKEAoS2RJAmtCpc0eQGKsjw/HYCrhXSf8RgqHSY2Z06KBHlRMe4hm3UZnDguP4V8/sk3DBg69MQyoGsGZNg1CBM3LRxePupMQIfBf61RyxBXK5BexPvoBiW9SRb9BGcKE6TkdY4+Po5D75209bMTqAt4J root@discoDingo\nssh-rsa AAAAB3NzaC1yc2EAAAADAQABAAABAQDd1+X5JVCzp1/JhFin5O1B4zvQgg/Bx8LR1hyEMnUcocFrfGp2Bl8ngNqzyUfVfhwPsBO++4xI3pbvw1TbFubAbq5kSayP6uOdwQSKQbNIri9mc0Xtp0nkfyAKOurfCNAhTRBfEv+xs0XnBoTRPdv6Zsy4KykIjdANkRzoeSC7H6KhtIMyf7fUUNgneFkRLil0Nm5Z7ps7GlmN1WHZt/VJsCN8v+6PLWXQGHzNojg1igfXtbodOHleXUoqLglrzOiXvzwBOALXNnTE7cknsOFoDN9/3hhJdqr7wc7Y1o/4iUiVw2uGqeCQwBxpajrDN8NS0dfEFG2H675Sf6fJo8CJ root@discoDingo"
          },
          "private": "eyJzY2hlbWFfdmVyc2lvbiI6IjEifQ=="
        }
      ]
    },
    {
      "mode": "managed",
      "type": "aws_route_table",
      "name": "public",
      "provider": "provider.aws",
      "instances": [
        {
          "schema_version": 0,
          "attributes": {
            "id": "rtb-0c75718f5f4e3486c",
            "owner_id": "670352645433",
            "propagating_vgws": [],
            "route": [
              {
                "cidr_block": "0.0.0.0/0",
                "egress_only_gateway_id": "",
                "gateway_id": "igw-0faa0e31131bbfae7",
                "instance_id": "",
                "ipv6_cidr_block": "",
                "nat_gateway_id": "",
                "network_interface_id": "",
                "transit_gateway_id": "",
                "vpc_peering_connection_id": ""
              }
            ],
            "tags": {
              "Name": "docker-public"
            },
            "vpc_id": "vpc-0bf19d8c220bc8fb4"
          },
          "private": "bnVsbA==",
          "depends_on": [
            "aws_internet_gateway.igw01",
            "aws_vpc.vpc"
          ]
        }
      ]
    },
    {
      "mode": "managed",
      "type": "aws_route_table_association",
      "name": "private1-assoc",
      "provider": "provider.aws",
      "instances": [
        {
          "schema_version": 0,
          "attributes": {
            "id": "rtbassoc-0c719d2e0b0609527",
            "route_table_id": "rtb-0c75718f5f4e3486c",
            "subnet_id": "subnet-0e513af2a4e400151"
          },
          "private": "bnVsbA==",
          "depends_on": [
            "aws_route_table.public",
            "aws_subnet.private1"
          ]
        }
      ]
    },
    {
      "mode": "managed",
      "type": "aws_route_table_association",
      "name": "private2-assoc",
      "provider": "provider.aws",
      "instances": [
        {
          "schema_version": 0,
          "attributes": {
            "id": "rtbassoc-043c241843f83b397",
            "route_table_id": "rtb-0c75718f5f4e3486c",
            "subnet_id": "subnet-09fe54a7a9a4a71d9"
          },
          "private": "bnVsbA==",
          "depends_on": [
            "aws_route_table.public",
            "aws_subnet.private2"
          ]
        }
      ]
    },
    {
      "mode": "managed",
      "type": "aws_route_table_association",
      "name": "public_assoc",
      "provider": "provider.aws",
      "instances": [
        {
          "schema_version": 0,
          "attributes": {
            "id": "rtbassoc-0f8cd2cae9024dab3",
            "route_table_id": "rtb-0c75718f5f4e3486c",
            "subnet_id": "subnet-0e2fdb999f1a50e3b"
          },
          "private": "bnVsbA==",
          "depends_on": [
            "aws_route_table.public",
            "aws_subnet.public"
          ]
        }
      ]
    },
    {
      "mode": "managed",
      "type": "aws_security_group",
      "name": "jumphost",
      "provider": "provider.aws",
      "instances": [
        {
          "schema_version": 1,
          "attributes": {
            "arn": "arn:aws:ec2:us-east-1:670352645433:security-group/sg-0379890f97f02aef1",
            "description": "Used for Jump host access",
            "egress": [],
            "id": "sg-0379890f97f02aef1",
            "ingress": [
              {
                "cidr_blocks": [
                  "0.0.0.0/0"
                ],
                "description": "",
                "from_port": 22,
                "ipv6_cidr_blocks": [],
                "prefix_list_ids": [],
                "protocol": "tcp",
                "security_groups": [],
                "self": false,
                "to_port": 22
              }
            ],
            "name": "docker-sg_jumphost",
            "name_prefix": null,
            "owner_id": "670352645433",
            "revoke_rules_on_delete": false,
            "tags": {
              "Name": "docker-sg_jumphost"
            },
            "timeouts": null,
            "vpc_id": "vpc-0bf19d8c220bc8fb4"
          },
          "private": "eyJlMmJmYjczMC1lY2FhLTExZTYtOGY4OC0zNDM2M2JjN2M0YzAiOnsiY3JlYXRlIjo2MDAwMDAwMDAwMDAsImRlbGV0ZSI6NjAwMDAwMDAwMDAwfSwic2NoZW1hX3ZlcnNpb24iOiIxIn0=",
          "depends_on": [
            "aws_vpc.vpc"
          ]
        }
      ]
    },
    {
      "mode": "managed",
      "type": "aws_security_group",
      "name": "private",
      "provider": "provider.aws",
      "instances": [
        {
          "schema_version": 1,
          "attributes": {
            "arn": "arn:aws:ec2:us-east-1:670352645433:security-group/sg-0831a8e0283b9b15b",
            "description": "Used for private instances",
            "egress": [
              {
                "cidr_blocks": [
                  "0.0.0.0/0"
                ],
                "description": "",
                "from_port": 0,
                "ipv6_cidr_blocks": [],
                "prefix_list_ids": [],
                "protocol": "-1",
                "security_groups": [],
                "self": false,
                "to_port": 0
              }
            ],
            "id": "sg-0831a8e0283b9b15b",
            "ingress": [
              {
                "cidr_blocks": [
                  "10.1.0.0/16"
                ],
                "description": "",
                "from_port": 0,
                "ipv6_cidr_blocks": [],
                "prefix_list_ids": [],
                "protocol": "-1",
                "security_groups": [],
                "self": false,
                "to_port": 0
              }
            ],
            "name": "docker-sg_private",
            "name_prefix": null,
            "owner_id": "670352645433",
            "revoke_rules_on_delete": false,
            "tags": {
              "Name": "docker-sg_private"
            },
            "timeouts": null,
            "vpc_id": "vpc-0bf19d8c220bc8fb4"
          },
          "private": "eyJlMmJmYjczMC1lY2FhLTExZTYtOGY4OC0zNDM2M2JjN2M0YzAiOnsiY3JlYXRlIjo2MDAwMDAwMDAwMDAsImRlbGV0ZSI6NjAwMDAwMDAwMDAwfSwic2NoZW1hX3ZlcnNpb24iOiIxIn0=",
          "depends_on": [
            "aws_vpc.vpc"
          ]
        }
      ]
    },
    {
      "mode": "managed",
      "type": "aws_security_group",
      "name": "public",
      "provider": "provider.aws",
      "instances": [
        {
          "schema_version": 1,
          "attributes": {
            "arn": "arn:aws:ec2:us-east-1:670352645433:security-group/sg-074d29d7876d701b7",
            "description": "Used for Public and Private instances for load balancer access",
            "egress": [
              {
                "cidr_blocks": [
                  "0.0.0.0/0"
                ],
                "description": "",
                "from_port": 0,
                "ipv6_cidr_blocks": [],
                "prefix_list_ids": [],
                "protocol": "-1",
                "security_groups": [],
                "self": false,
                "to_port": 0
              }
            ],
            "id": "sg-074d29d7876d701b7",
            "ingress": [
              {
                "cidr_blocks": [
                  "0.0.0.0/0"
                ],
                "description": "Allow HTTP",
                "from_port": 80,
                "ipv6_cidr_blocks": [],
                "prefix_list_ids": [],
                "protocol": "tcp",
                "security_groups": [],
                "self": false,
                "to_port": 80
              },
              {
                "cidr_blocks": [
                  "10.1.0.0/16"
                ],
                "description": "Allow communication between docker instances",
                "from_port": 2377,
                "ipv6_cidr_blocks": [],
                "prefix_list_ids": [],
                "protocol": "tcp",
                "security_groups": [],
                "self": false,
                "to_port": 2377
              },
              {
                "cidr_blocks": [
                  "27.6.107.174/32",
                  "10.1.0.0/16"
                ],
                "description": "Allow SSH",
                "from_port": 22,
                "ipv6_cidr_blocks": [],
                "prefix_list_ids": [],
                "protocol": "tcp",
                "security_groups": [],
                "self": false,
                "to_port": 22
              }
            ],
            "name": "docker-sg_public",
            "name_prefix": null,
            "owner_id": "670352645433",
            "revoke_rules_on_delete": false,
            "tags": {
              "Name": "docker-sg_public"
            },
            "timeouts": null,
            "vpc_id": "vpc-0bf19d8c220bc8fb4"
          },
          "private": "eyJlMmJmYjczMC1lY2FhLTExZTYtOGY4OC0zNDM2M2JjN2M0YzAiOnsiY3JlYXRlIjo2MDAwMDAwMDAwMDAsImRlbGV0ZSI6NjAwMDAwMDAwMDAwfSwic2NoZW1hX3ZlcnNpb24iOiIxIn0=",
          "depends_on": [
            "aws_vpc.vpc",
            "data.external.localip"
          ]
        }
      ]
    },
    {
      "mode": "managed",
      "type": "aws_subnet",
      "name": "private1",
      "provider": "provider.aws",
      "instances": [
        {
          "schema_version": 1,
          "attributes": {
            "arn": "arn:aws:ec2:us-east-1:670352645433:subnet/subnet-0e513af2a4e400151",
            "assign_ipv6_address_on_creation": false,
            "availability_zone": "us-east-1b",
            "availability_zone_id": "use1-az4",
            "cidr_block": "10.1.10.0/24",
            "id": "subnet-0e513af2a4e400151",
            "ipv6_cidr_block": "",
            "ipv6_cidr_block_association_id": "",
            "map_public_ip_on_launch": false,
            "owner_id": "670352645433",
            "tags": {
              "Name": "docker-private1"
            },
            "timeouts": null,
            "vpc_id": "vpc-0bf19d8c220bc8fb4"
          },
          "private": "eyJlMmJmYjczMC1lY2FhLTExZTYtOGY4OC0zNDM2M2JjN2M0YzAiOnsiY3JlYXRlIjo2MDAwMDAwMDAwMDAsImRlbGV0ZSI6MTIwMDAwMDAwMDAwMH0sInNjaGVtYV92ZXJzaW9uIjoiMSJ9",
          "depends_on": [
            "aws_vpc.vpc"
          ]
        }
      ]
    },
    {
      "mode": "managed",
      "type": "aws_subnet",
      "name": "private2",
      "provider": "provider.aws",
      "instances": [
        {
          "schema_version": 1,
          "attributes": {
            "arn": "arn:aws:ec2:us-east-1:670352645433:subnet/subnet-09fe54a7a9a4a71d9",
            "assign_ipv6_address_on_creation": false,
            "availability_zone": "us-east-1c",
            "availability_zone_id": "use1-az6",
            "cidr_block": "10.1.20.0/24",
            "id": "subnet-09fe54a7a9a4a71d9",
            "ipv6_cidr_block": "",
            "ipv6_cidr_block_association_id": "",
            "map_public_ip_on_launch": false,
            "owner_id": "670352645433",
            "tags": {
              "Name": "docker-private2"
            },
            "timeouts": null,
            "vpc_id": "vpc-0bf19d8c220bc8fb4"
          },
          "private": "eyJlMmJmYjczMC1lY2FhLTExZTYtOGY4OC0zNDM2M2JjN2M0YzAiOnsiY3JlYXRlIjo2MDAwMDAwMDAwMDAsImRlbGV0ZSI6MTIwMDAwMDAwMDAwMH0sInNjaGVtYV92ZXJzaW9uIjoiMSJ9",
          "depends_on": [
            "aws_vpc.vpc"
          ]
        }
      ]
    },
    {
      "mode": "managed",
      "type": "aws_subnet",
      "name": "public",
      "provider": "provider.aws",
      "instances": [
        {
          "schema_version": 1,
          "attributes": {
            "arn": "arn:aws:ec2:us-east-1:670352645433:subnet/subnet-0e2fdb999f1a50e3b",
            "assign_ipv6_address_on_creation": false,
            "availability_zone": "us-east-1a",
            "availability_zone_id": "use1-az2",
            "cidr_block": "10.1.1.0/24",
            "id": "subnet-0e2fdb999f1a50e3b",
            "ipv6_cidr_block": "",
            "ipv6_cidr_block_association_id": "",
            "map_public_ip_on_launch": true,
            "owner_id": "670352645433",
            "tags": {
              "Name": "docker-public"
            },
            "timeouts": null,
            "vpc_id": "vpc-0bf19d8c220bc8fb4"
          },
          "private": "eyJlMmJmYjczMC1lY2FhLTExZTYtOGY4OC0zNDM2M2JjN2M0YzAiOnsiY3JlYXRlIjo2MDAwMDAwMDAwMDAsImRlbGV0ZSI6MTIwMDAwMDAwMDAwMH0sInNjaGVtYV92ZXJzaW9uIjoiMSJ9",
          "depends_on": [
            "aws_vpc.vpc"
          ]
        }
      ]
    },
    {
      "mode": "managed",
      "type": "aws_vpc",
      "name": "vpc",
      "provider": "provider.aws",
      "instances": [
        {
          "schema_version": 1,
          "attributes": {
            "arn": "arn:aws:ec2:us-east-1:670352645433:vpc/vpc-0bf19d8c220bc8fb4",
            "assign_generated_ipv6_cidr_block": false,
            "cidr_block": "10.1.0.0/16",
            "default_network_acl_id": "acl-04cc29405972e923b",
            "default_route_table_id": "rtb-097d36564345b5fbb",
            "default_security_group_id": "sg-0450e7311a8911022",
            "dhcp_options_id": "dopt-944919ef",
            "enable_classiclink": false,
            "enable_classiclink_dns_support": false,
            "enable_dns_hostnames": false,
            "enable_dns_support": true,
            "id": "vpc-0bf19d8c220bc8fb4",
            "instance_tenancy": "default",
            "ipv6_association_id": "",
            "ipv6_cidr_block": "",
            "main_route_table_id": "rtb-097d36564345b5fbb",
            "owner_id": "670352645433",
            "tags": {
              "Name": "docker"
            }
          },
          "private": "eyJzY2hlbWFfdmVyc2lvbiI6IjEifQ=="
        }
      ]
    }
  ]
}
