{
    "version": 3,
    "terraform_version": "0.11.11",
    "serial": 38,
    "lineage": "1e543c96-f0a1-c782-d8b8-fcbc91114db5",
    "modules": [
        {
            "path": [
                "root"
            ],
            "outputs": {
                "acs_public_ip": {
                    "sensitive": false,
                    "type": "string",
                    "value": "3.234.142.240"
                },
                "ansible_nodes_public_ips": {
                    "sensitive": false,
                    "type": "list",
                    "value": [
                        "18.233.200.242",
                        "34.205.177.124",
                        "3.219.231.70"
                    ]
                }
            },
            "resources": {
                "aws_default_route_table.private": {
                    "type": "aws_default_route_table",
                    "depends_on": [
                        "aws_vpc.vpc"
                    ],
                    "primary": {
                        "id": "rtb-043665f083cdf57a3",
                        "attributes": {
                            "default_route_table_id": "rtb-043665f083cdf57a3",
                            "id": "rtb-043665f083cdf57a3",
                            "owner_id": "157592648015",
                            "propagating_vgws.#": "0",
                            "route.#": "0",
                            "tags.%": "1",
                            "tags.Name": "ansible-private",
                            "vpc_id": "vpc-071eab0b8aea704a3"
                        },
                        "meta": {},
                        "tainted": false
                    },
                    "deposed": [],
                    "provider": "provider.aws"
                },
                "aws_instance.acs": {
                    "type": "aws_instance",
                    "depends_on": [
                        "aws_key_pair.instance",
                        "aws_security_group.public",
                        "aws_subnet.public"
                    ],
                    "primary": {
                        "id": "i-0b429a39aeb4d169f",
                        "attributes": {
                            "ami": "ami-05062c82c75ed4335",
                            "arn": "arn:aws:ec2:us-east-1:157592648015:instance/i-0b429a39aeb4d169f",
                            "associate_public_ip_address": "true",
                            "availability_zone": "us-east-1a",
                            "cpu_core_count": "1",
                            "cpu_threads_per_core": "1",
                            "credit_specification.#": "1",
                            "credit_specification.0.cpu_credits": "standard",
                            "disable_api_termination": "false",
                            "ebs_block_device.#": "0",
                            "ebs_optimized": "false",
                            "ephemeral_block_device.#": "0",
                            "get_password_data": "false",
                            "hibernation": "false",
                            "iam_instance_profile": "",
                            "id": "i-0b429a39aeb4d169f",
                            "instance_state": "running",
                            "instance_type": "t2.micro",
                            "ipv6_address_count": "0",
                            "ipv6_addresses.#": "0",
                            "key_name": "id_rsa",
                            "monitoring": "false",
                            "network_interface.#": "0",
                            "password_data": "",
                            "placement_group": "",
                            "primary_network_interface_id": "eni-0ea67ae5a8c55d84d",
                            "private_dns": "ip-10-1-1-196.ec2.internal",
                            "private_ip": "10.1.1.196",
                            "public_dns": "",
                            "public_ip": "3.234.142.240",
                            "root_block_device.#": "1",
                            "root_block_device.0.delete_on_termination": "true",
                            "root_block_device.0.encrypted": "false",
                            "root_block_device.0.iops": "100",
                            "root_block_device.0.kms_key_id": "",
                            "root_block_device.0.volume_id": "vol-0c7d3b930afa55956",
                            "root_block_device.0.volume_size": "8",
                            "root_block_device.0.volume_type": "gp2",
                            "security_groups.#": "0",
                            "source_dest_check": "true",
                            "subnet_id": "subnet-0535f67d313e4ce91",
                            "tags.%": "1",
                            "tags.Name": "acs",
                            "tenancy": "default",
                            "volume_tags.%": "0",
                            "vpc_security_group_ids.#": "1",
                            "vpc_security_group_ids.2734747435": "sg-0f20b722f1624f82f"
                        },
                        "meta": {
                            "e2bfb730-ecaa-11e6-8f88-34363bc7c4c0": {
                                "create": 600000000000,
                                "delete": 1200000000000,
                                "update": 600000000000
                            },
                            "schema_version": "1"
                        },
                        "tainted": false
                    },
                    "deposed": [],
                    "provider": "provider.aws"
                },
                "aws_instance.ansible_nodes.0": {
                    "type": "aws_instance",
                    "depends_on": [
                        "aws_key_pair.instance",
                        "aws_security_group.public",
                        "aws_subnet.public"
                    ],
                    "primary": {
                        "id": "i-067e276593be1978e",
                        "attributes": {
                            "ami": "ami-05062c82c75ed4335",
                            "arn": "arn:aws:ec2:us-east-1:157592648015:instance/i-067e276593be1978e",
                            "associate_public_ip_address": "true",
                            "availability_zone": "us-east-1a",
                            "cpu_core_count": "1",
                            "cpu_threads_per_core": "1",
                            "credit_specification.#": "1",
                            "credit_specification.0.cpu_credits": "standard",
                            "disable_api_termination": "false",
                            "ebs_block_device.#": "0",
                            "ebs_optimized": "false",
                            "ephemeral_block_device.#": "0",
                            "get_password_data": "false",
                            "hibernation": "false",
                            "iam_instance_profile": "",
                            "id": "i-067e276593be1978e",
                            "instance_state": "running",
                            "instance_type": "t2.micro",
                            "ipv6_address_count": "0",
                            "ipv6_addresses.#": "0",
                            "key_name": "id_rsa",
                            "monitoring": "false",
                            "network_interface.#": "0",
                            "password_data": "",
                            "placement_group": "",
                            "primary_network_interface_id": "eni-09bf7dbbc7bc887f2",
                            "private_dns": "ip-10-1-1-166.ec2.internal",
                            "private_ip": "10.1.1.166",
                            "public_dns": "",
                            "public_ip": "18.233.200.242",
                            "root_block_device.#": "1",
                            "root_block_device.0.delete_on_termination": "true",
                            "root_block_device.0.encrypted": "false",
                            "root_block_device.0.iops": "100",
                            "root_block_device.0.kms_key_id": "",
                            "root_block_device.0.volume_id": "vol-0a2961b0535dcb897",
                            "root_block_device.0.volume_size": "8",
                            "root_block_device.0.volume_type": "gp2",
                            "security_groups.#": "0",
                            "source_dest_check": "true",
                            "subnet_id": "subnet-0535f67d313e4ce91",
                            "tags.%": "1",
                            "tags.Name": "ansible_node_0",
                            "tenancy": "default",
                            "volume_tags.%": "0",
                            "vpc_security_group_ids.#": "1",
                            "vpc_security_group_ids.2734747435": "sg-0f20b722f1624f82f"
                        },
                        "meta": {
                            "e2bfb730-ecaa-11e6-8f88-34363bc7c4c0": {
                                "create": 600000000000,
                                "delete": 1200000000000,
                                "update": 600000000000
                            },
                            "schema_version": "1"
                        },
                        "tainted": false
                    },
                    "deposed": [],
                    "provider": "provider.aws"
                },
                "aws_instance.ansible_nodes.1": {
                    "type": "aws_instance",
                    "depends_on": [
                        "aws_key_pair.instance",
                        "aws_security_group.public",
                        "aws_subnet.public"
                    ],
                    "primary": {
                        "id": "i-08e90b6d40919c88f",
                        "attributes": {
                            "ami": "ami-05062c82c75ed4335",
                            "arn": "arn:aws:ec2:us-east-1:157592648015:instance/i-08e90b6d40919c88f",
                            "associate_public_ip_address": "true",
                            "availability_zone": "us-east-1a",
                            "cpu_core_count": "1",
                            "cpu_threads_per_core": "1",
                            "credit_specification.#": "1",
                            "credit_specification.0.cpu_credits": "standard",
                            "disable_api_termination": "false",
                            "ebs_block_device.#": "0",
                            "ebs_optimized": "false",
                            "ephemeral_block_device.#": "0",
                            "get_password_data": "false",
                            "hibernation": "false",
                            "iam_instance_profile": "",
                            "id": "i-08e90b6d40919c88f",
                            "instance_state": "running",
                            "instance_type": "t2.micro",
                            "ipv6_address_count": "0",
                            "ipv6_addresses.#": "0",
                            "key_name": "id_rsa",
                            "monitoring": "false",
                            "network_interface.#": "0",
                            "password_data": "",
                            "placement_group": "",
                            "primary_network_interface_id": "eni-00388d0fb0dcae17f",
                            "private_dns": "ip-10-1-1-21.ec2.internal",
                            "private_ip": "10.1.1.21",
                            "public_dns": "",
                            "public_ip": "34.205.177.124",
                            "root_block_device.#": "1",
                            "root_block_device.0.delete_on_termination": "true",
                            "root_block_device.0.encrypted": "false",
                            "root_block_device.0.iops": "100",
                            "root_block_device.0.kms_key_id": "",
                            "root_block_device.0.volume_id": "vol-055af4d9a89b7f9fc",
                            "root_block_device.0.volume_size": "8",
                            "root_block_device.0.volume_type": "gp2",
                            "security_groups.#": "0",
                            "source_dest_check": "true",
                            "subnet_id": "subnet-0535f67d313e4ce91",
                            "tags.%": "1",
                            "tags.Name": "ansible_node_1",
                            "tenancy": "default",
                            "volume_tags.%": "0",
                            "vpc_security_group_ids.#": "1",
                            "vpc_security_group_ids.2734747435": "sg-0f20b722f1624f82f"
                        },
                        "meta": {
                            "e2bfb730-ecaa-11e6-8f88-34363bc7c4c0": {
                                "create": 600000000000,
                                "delete": 1200000000000,
                                "update": 600000000000
                            },
                            "schema_version": "1"
                        },
                        "tainted": false
                    },
                    "deposed": [],
                    "provider": "provider.aws"
                },
                "aws_instance.ansible_nodes.2": {
                    "type": "aws_instance",
                    "depends_on": [
                        "aws_key_pair.instance",
                        "aws_security_group.public",
                        "aws_subnet.public"
                    ],
                    "primary": {
                        "id": "i-00366c5ee26156a61",
                        "attributes": {
                            "ami": "ami-05062c82c75ed4335",
                            "arn": "arn:aws:ec2:us-east-1:157592648015:instance/i-00366c5ee26156a61",
                            "associate_public_ip_address": "true",
                            "availability_zone": "us-east-1a",
                            "cpu_core_count": "1",
                            "cpu_threads_per_core": "1",
                            "credit_specification.#": "1",
                            "credit_specification.0.cpu_credits": "standard",
                            "disable_api_termination": "false",
                            "ebs_block_device.#": "0",
                            "ebs_optimized": "false",
                            "ephemeral_block_device.#": "0",
                            "get_password_data": "false",
                            "hibernation": "false",
                            "iam_instance_profile": "",
                            "id": "i-00366c5ee26156a61",
                            "instance_state": "running",
                            "instance_type": "t2.micro",
                            "ipv6_address_count": "0",
                            "ipv6_addresses.#": "0",
                            "key_name": "id_rsa",
                            "monitoring": "false",
                            "network_interface.#": "0",
                            "password_data": "",
                            "placement_group": "",
                            "primary_network_interface_id": "eni-0739470178f50c5eb",
                            "private_dns": "ip-10-1-1-178.ec2.internal",
                            "private_ip": "10.1.1.178",
                            "public_dns": "",
                            "public_ip": "3.219.231.70",
                            "root_block_device.#": "1",
                            "root_block_device.0.delete_on_termination": "true",
                            "root_block_device.0.encrypted": "false",
                            "root_block_device.0.iops": "100",
                            "root_block_device.0.kms_key_id": "",
                            "root_block_device.0.volume_id": "vol-0d5f2f19811726182",
                            "root_block_device.0.volume_size": "8",
                            "root_block_device.0.volume_type": "gp2",
                            "security_groups.#": "0",
                            "source_dest_check": "true",
                            "subnet_id": "subnet-0535f67d313e4ce91",
                            "tags.%": "1",
                            "tags.Name": "ansible_node_2",
                            "tenancy": "default",
                            "volume_tags.%": "0",
                            "vpc_security_group_ids.#": "1",
                            "vpc_security_group_ids.2734747435": "sg-0f20b722f1624f82f"
                        },
                        "meta": {
                            "e2bfb730-ecaa-11e6-8f88-34363bc7c4c0": {
                                "create": 600000000000,
                                "delete": 1200000000000,
                                "update": 600000000000
                            },
                            "schema_version": "1"
                        },
                        "tainted": false
                    },
                    "deposed": [],
                    "provider": "provider.aws"
                },
                "aws_internet_gateway.igw01": {
                    "type": "aws_internet_gateway",
                    "depends_on": [
                        "aws_vpc.vpc"
                    ],
                    "primary": {
                        "id": "igw-0fce6614a381ec194",
                        "attributes": {
                            "id": "igw-0fce6614a381ec194",
                            "owner_id": "157592648015",
                            "tags.%": "1",
                            "tags.Name": "ansible-igw01",
                            "vpc_id": "vpc-071eab0b8aea704a3"
                        },
                        "meta": {},
                        "tainted": false
                    },
                    "deposed": [],
                    "provider": "provider.aws"
                },
                "aws_key_pair.instance": {
                    "type": "aws_key_pair",
                    "depends_on": [],
                    "primary": {
                        "id": "id_rsa",
                        "attributes": {
                            "fingerprint": "0b:70:7e:18:45:8d:69:2b:bf:e8:2f:53:73:5b:46:db",
                            "id": "id_rsa",
                            "key_name": "id_rsa",
                            "key_pair_id": "key-04923998e726b3fbd",
                            "public_key": "ssh-rsa AAAAB3NzaC1yc2EAAAADAQABAAABAQC8RQ2D3w6tK//StGdgyjjzxNKfilV+PIQakDCNCUZF0TtBN7B6jItLz6TjQZmn96VPtRfU8V0fR6qNerQWSN0FVmdEXupbUZnRFIvJ3bV4m0rNpNsWSMJ39qaO0uyqVgDlPSKKjqm6BguT/oYd6AkfRWxozYAMcOZw9hxe4qKidSAXJWXGKc3ugCOSeNoRFs/OWjegUviuSrcAFT53m9Fia2NGTn0tYuO86/7Z7V39IA2QxEm1Ee6oLQD4p3yg8heP+27vuxB6SocPt4h5qZrzlgJAlCkgyOuuXG9I2W4J7o6+65gHiL8rqIwLOf8bnkCG8vx6yA7176P2WhXJnL1J Arjun Shrinvas@GeekHost",
                            "tags.%": "0"
                        },
                        "meta": {
                            "schema_version": "1"
                        },
                        "tainted": false
                    },
                    "deposed": [],
                    "provider": "provider.aws"
                },
                "aws_route_table.public": {
                    "type": "aws_route_table",
                    "depends_on": [
                        "aws_internet_gateway.igw01",
                        "aws_vpc.vpc"
                    ],
                    "primary": {
                        "id": "rtb-0cf4da96e4d845a89",
                        "attributes": {
                            "id": "rtb-0cf4da96e4d845a89",
                            "owner_id": "157592648015",
                            "propagating_vgws.#": "0",
                            "route.#": "1",
                            "route.666044880.cidr_block": "0.0.0.0/0",
                            "route.666044880.egress_only_gateway_id": "",
                            "route.666044880.gateway_id": "igw-0fce6614a381ec194",
                            "route.666044880.instance_id": "",
                            "route.666044880.ipv6_cidr_block": "",
                            "route.666044880.nat_gateway_id": "",
                            "route.666044880.network_interface_id": "",
                            "route.666044880.transit_gateway_id": "",
                            "route.666044880.vpc_peering_connection_id": "",
                            "tags.%": "1",
                            "tags.Name": "ansible-public",
                            "vpc_id": "vpc-071eab0b8aea704a3"
                        },
                        "meta": {},
                        "tainted": false
                    },
                    "deposed": [],
                    "provider": "provider.aws"
                },
                "aws_route_table_association.private1-assoc": {
                    "type": "aws_route_table_association",
                    "depends_on": [
                        "aws_route_table.public",
                        "aws_subnet.private1"
                    ],
                    "primary": {
                        "id": "rtbassoc-0d91b6a75e10db7a4",
                        "attributes": {
                            "id": "rtbassoc-0d91b6a75e10db7a4",
                            "route_table_id": "rtb-0cf4da96e4d845a89",
                            "subnet_id": "subnet-0238e031427bfc941"
                        },
                        "meta": {},
                        "tainted": false
                    },
                    "deposed": [],
                    "provider": "provider.aws"
                },
                "aws_route_table_association.private2-assoc": {
                    "type": "aws_route_table_association",
                    "depends_on": [
                        "aws_route_table.public",
                        "aws_subnet.private2"
                    ],
                    "primary": {
                        "id": "rtbassoc-09ff1e2863738bd88",
                        "attributes": {
                            "id": "rtbassoc-09ff1e2863738bd88",
                            "route_table_id": "rtb-0cf4da96e4d845a89",
                            "subnet_id": "subnet-0aff0f31b4bed49a0"
                        },
                        "meta": {},
                        "tainted": false
                    },
                    "deposed": [],
                    "provider": "provider.aws"
                },
                "aws_route_table_association.public_assoc": {
                    "type": "aws_route_table_association",
                    "depends_on": [
                        "aws_route_table.public",
                        "aws_subnet.public"
                    ],
                    "primary": {
                        "id": "rtbassoc-0189267f70378ff9b",
                        "attributes": {
                            "id": "rtbassoc-0189267f70378ff9b",
                            "route_table_id": "rtb-0cf4da96e4d845a89",
                            "subnet_id": "subnet-0535f67d313e4ce91"
                        },
                        "meta": {},
                        "tainted": false
                    },
                    "deposed": [],
                    "provider": "provider.aws"
                },
                "aws_security_group.jumphost": {
                    "type": "aws_security_group",
                    "depends_on": [
                        "aws_vpc.vpc"
                    ],
                    "primary": {
                        "id": "sg-056ab31b996a728c0",
                        "attributes": {
                            "arn": "arn:aws:ec2:us-east-1:157592648015:security-group/sg-056ab31b996a728c0",
                            "description": "Used for Jump host access",
                            "egress.#": "0",
                            "id": "sg-056ab31b996a728c0",
                            "ingress.#": "1",
                            "ingress.2541437006.cidr_blocks.#": "1",
                            "ingress.2541437006.cidr_blocks.0": "0.0.0.0/0",
                            "ingress.2541437006.description": "",
                            "ingress.2541437006.from_port": "22",
                            "ingress.2541437006.ipv6_cidr_blocks.#": "0",
                            "ingress.2541437006.prefix_list_ids.#": "0",
                            "ingress.2541437006.protocol": "tcp",
                            "ingress.2541437006.security_groups.#": "0",
                            "ingress.2541437006.self": "false",
                            "ingress.2541437006.to_port": "22",
                            "name": "ansible-sg_jumphost",
                            "owner_id": "157592648015",
                            "revoke_rules_on_delete": "false",
                            "tags.%": "1",
                            "tags.Name": "ansible-sg_jumphost",
                            "vpc_id": "vpc-071eab0b8aea704a3"
                        },
                        "meta": {
                            "e2bfb730-ecaa-11e6-8f88-34363bc7c4c0": {
                                "create": 600000000000,
                                "delete": 600000000000
                            },
                            "schema_version": "1"
                        },
                        "tainted": false
                    },
                    "deposed": [],
                    "provider": "provider.aws"
                },
                "aws_security_group.private": {
                    "type": "aws_security_group",
                    "depends_on": [
                        "aws_vpc.vpc"
                    ],
                    "primary": {
                        "id": "sg-081850add5f3be7a5",
                        "attributes": {
                            "arn": "arn:aws:ec2:us-east-1:157592648015:security-group/sg-081850add5f3be7a5",
                            "description": "Used for private instances",
                            "egress.#": "1",
                            "egress.482069346.cidr_blocks.#": "1",
                            "egress.482069346.cidr_blocks.0": "0.0.0.0/0",
                            "egress.482069346.description": "",
                            "egress.482069346.from_port": "0",
                            "egress.482069346.ipv6_cidr_blocks.#": "0",
                            "egress.482069346.prefix_list_ids.#": "0",
                            "egress.482069346.protocol": "-1",
                            "egress.482069346.security_groups.#": "0",
                            "egress.482069346.self": "false",
                            "egress.482069346.to_port": "0",
                            "id": "sg-081850add5f3be7a5",
                            "ingress.#": "1",
                            "ingress.1671886063.cidr_blocks.#": "1",
                            "ingress.1671886063.cidr_blocks.0": "10.1.0.0/16",
                            "ingress.1671886063.description": "",
                            "ingress.1671886063.from_port": "0",
                            "ingress.1671886063.ipv6_cidr_blocks.#": "0",
                            "ingress.1671886063.prefix_list_ids.#": "0",
                            "ingress.1671886063.protocol": "-1",
                            "ingress.1671886063.security_groups.#": "0",
                            "ingress.1671886063.self": "false",
                            "ingress.1671886063.to_port": "0",
                            "name": "ansible-sg_private",
                            "owner_id": "157592648015",
                            "revoke_rules_on_delete": "false",
                            "tags.%": "1",
                            "tags.Name": "ansible-sg_private",
                            "vpc_id": "vpc-071eab0b8aea704a3"
                        },
                        "meta": {
                            "e2bfb730-ecaa-11e6-8f88-34363bc7c4c0": {
                                "create": 600000000000,
                                "delete": 600000000000
                            },
                            "schema_version": "1"
                        },
                        "tainted": false
                    },
                    "deposed": [],
                    "provider": "provider.aws"
                },
                "aws_security_group.public": {
                    "type": "aws_security_group",
                    "depends_on": [
                        "aws_vpc.vpc"
                    ],
                    "primary": {
                        "id": "sg-0f20b722f1624f82f",
                        "attributes": {
                            "arn": "arn:aws:ec2:us-east-1:157592648015:security-group/sg-0f20b722f1624f82f",
                            "description": "Used for Public and Private instances for load balancer access",
                            "egress.#": "1",
                            "egress.482069346.cidr_blocks.#": "1",
                            "egress.482069346.cidr_blocks.0": "0.0.0.0/0",
                            "egress.482069346.description": "",
                            "egress.482069346.from_port": "0",
                            "egress.482069346.ipv6_cidr_blocks.#": "0",
                            "egress.482069346.prefix_list_ids.#": "0",
                            "egress.482069346.protocol": "-1",
                            "egress.482069346.security_groups.#": "0",
                            "egress.482069346.self": "false",
                            "egress.482069346.to_port": "0",
                            "id": "sg-0f20b722f1624f82f",
                            "ingress.#": "3",
                            "ingress.1248900448.cidr_blocks.#": "1",
                            "ingress.1248900448.cidr_blocks.0": "0.0.0.0/0",
                            "ingress.1248900448.description": "Allow SSH",
                            "ingress.1248900448.from_port": "22",
                            "ingress.1248900448.ipv6_cidr_blocks.#": "0",
                            "ingress.1248900448.prefix_list_ids.#": "0",
                            "ingress.1248900448.protocol": "tcp",
                            "ingress.1248900448.security_groups.#": "0",
                            "ingress.1248900448.self": "false",
                            "ingress.1248900448.to_port": "22",
                            "ingress.28716551.cidr_blocks.#": "1",
                            "ingress.28716551.cidr_blocks.0": "10.1.0.0/16",
                            "ingress.28716551.description": "Allow communication between ansible instances",
                            "ingress.28716551.from_port": "2377",
                            "ingress.28716551.ipv6_cidr_blocks.#": "0",
                            "ingress.28716551.prefix_list_ids.#": "0",
                            "ingress.28716551.protocol": "tcp",
                            "ingress.28716551.security_groups.#": "0",
                            "ingress.28716551.self": "false",
                            "ingress.28716551.to_port": "2377",
                            "ingress.4081731457.cidr_blocks.#": "1",
                            "ingress.4081731457.cidr_blocks.0": "0.0.0.0/0",
                            "ingress.4081731457.description": "Allow HTTP",
                            "ingress.4081731457.from_port": "80",
                            "ingress.4081731457.ipv6_cidr_blocks.#": "0",
                            "ingress.4081731457.prefix_list_ids.#": "0",
                            "ingress.4081731457.protocol": "tcp",
                            "ingress.4081731457.security_groups.#": "0",
                            "ingress.4081731457.self": "false",
                            "ingress.4081731457.to_port": "80",
                            "name": "ansible-sg_public",
                            "owner_id": "157592648015",
                            "revoke_rules_on_delete": "false",
                            "tags.%": "1",
                            "tags.Name": "ansible-sg_public",
                            "vpc_id": "vpc-071eab0b8aea704a3"
                        },
                        "meta": {
                            "e2bfb730-ecaa-11e6-8f88-34363bc7c4c0": {
                                "create": 600000000000,
                                "delete": 600000000000
                            },
                            "schema_version": "1"
                        },
                        "tainted": false
                    },
                    "deposed": [],
                    "provider": "provider.aws"
                },
                "aws_subnet.private1": {
                    "type": "aws_subnet",
                    "depends_on": [
                        "aws_vpc.vpc"
                    ],
                    "primary": {
                        "id": "subnet-0238e031427bfc941",
                        "attributes": {
                            "arn": "arn:aws:ec2:us-east-1:157592648015:subnet/subnet-0238e031427bfc941",
                            "assign_ipv6_address_on_creation": "false",
                            "availability_zone": "us-east-1b",
                            "availability_zone_id": "use1-az2",
                            "cidr_block": "10.1.10.0/24",
                            "id": "subnet-0238e031427bfc941",
                            "ipv6_cidr_block": "",
                            "ipv6_cidr_block_association_id": "",
                            "map_public_ip_on_launch": "false",
                            "owner_id": "157592648015",
                            "tags.%": "1",
                            "tags.Name": "ansible-private1",
                            "vpc_id": "vpc-071eab0b8aea704a3"
                        },
                        "meta": {
                            "e2bfb730-ecaa-11e6-8f88-34363bc7c4c0": {
                                "create": 600000000000,
                                "delete": 1200000000000
                            },
                            "schema_version": "1"
                        },
                        "tainted": false
                    },
                    "deposed": [],
                    "provider": "provider.aws"
                },
                "aws_subnet.private2": {
                    "type": "aws_subnet",
                    "depends_on": [
                        "aws_vpc.vpc"
                    ],
                    "primary": {
                        "id": "subnet-0aff0f31b4bed49a0",
                        "attributes": {
                            "arn": "arn:aws:ec2:us-east-1:157592648015:subnet/subnet-0aff0f31b4bed49a0",
                            "assign_ipv6_address_on_creation": "false",
                            "availability_zone": "us-east-1c",
                            "availability_zone_id": "use1-az4",
                            "cidr_block": "10.1.20.0/24",
                            "id": "subnet-0aff0f31b4bed49a0",
                            "ipv6_cidr_block": "",
                            "ipv6_cidr_block_association_id": "",
                            "map_public_ip_on_launch": "false",
                            "owner_id": "157592648015",
                            "tags.%": "1",
                            "tags.Name": "ansible-private2",
                            "vpc_id": "vpc-071eab0b8aea704a3"
                        },
                        "meta": {
                            "e2bfb730-ecaa-11e6-8f88-34363bc7c4c0": {
                                "create": 600000000000,
                                "delete": 1200000000000
                            },
                            "schema_version": "1"
                        },
                        "tainted": false
                    },
                    "deposed": [],
                    "provider": "provider.aws"
                },
                "aws_subnet.public": {
                    "type": "aws_subnet",
                    "depends_on": [
                        "aws_vpc.vpc"
                    ],
                    "primary": {
                        "id": "subnet-0535f67d313e4ce91",
                        "attributes": {
                            "arn": "arn:aws:ec2:us-east-1:157592648015:subnet/subnet-0535f67d313e4ce91",
                            "assign_ipv6_address_on_creation": "false",
                            "availability_zone": "us-east-1a",
                            "availability_zone_id": "use1-az1",
                            "cidr_block": "10.1.1.0/24",
                            "id": "subnet-0535f67d313e4ce91",
                            "ipv6_cidr_block": "",
                            "ipv6_cidr_block_association_id": "",
                            "map_public_ip_on_launch": "true",
                            "owner_id": "157592648015",
                            "tags.%": "1",
                            "tags.Name": "ansible-public",
                            "vpc_id": "vpc-071eab0b8aea704a3"
                        },
                        "meta": {
                            "e2bfb730-ecaa-11e6-8f88-34363bc7c4c0": {
                                "create": 600000000000,
                                "delete": 1200000000000
                            },
                            "schema_version": "1"
                        },
                        "tainted": false
                    },
                    "deposed": [],
                    "provider": "provider.aws"
                },
                "aws_vpc.vpc": {
                    "type": "aws_vpc",
                    "depends_on": [],
                    "primary": {
                        "id": "vpc-071eab0b8aea704a3",
                        "attributes": {
                            "arn": "arn:aws:ec2:us-east-1:157592648015:vpc/vpc-071eab0b8aea704a3",
                            "assign_generated_ipv6_cidr_block": "false",
                            "cidr_block": "10.1.0.0/16",
                            "default_network_acl_id": "acl-0701741f5c22c88e2",
                            "default_route_table_id": "rtb-043665f083cdf57a3",
                            "default_security_group_id": "sg-0f6a921b4394facbd",
                            "dhcp_options_id": "dopt-0162ae46b337a6ac2",
                            "enable_classiclink": "false",
                            "enable_classiclink_dns_support": "false",
                            "enable_dns_hostnames": "false",
                            "enable_dns_support": "true",
                            "id": "vpc-071eab0b8aea704a3",
                            "instance_tenancy": "default",
                            "ipv6_association_id": "",
                            "ipv6_cidr_block": "",
                            "main_route_table_id": "rtb-043665f083cdf57a3",
                            "owner_id": "157592648015",
                            "tags.%": "1",
                            "tags.Name": "ansible"
                        },
                        "meta": {
                            "schema_version": "1"
                        },
                        "tainted": false
                    },
                    "deposed": [],
                    "provider": "provider.aws"
                },
                "null_resource.ProvisionRemoteHostsToAnsibleNodes.0": {
                    "type": "null_resource",
                    "depends_on": [
                        "aws_instance.ansible_nodes.*"
                    ],
                    "primary": {
                        "id": "8953399569654934974",
                        "attributes": {
                            "id": "8953399569654934974"
                        },
                        "meta": {},
                        "tainted": false
                    },
                    "deposed": [],
                    "provider": "provider.null"
                },
                "null_resource.ProvisionRemoteHostsToAnsibleNodes.1": {
                    "type": "null_resource",
                    "depends_on": [
                        "aws_instance.ansible_nodes.*"
                    ],
                    "primary": {
                        "id": "7939630747132559753",
                        "attributes": {
                            "id": "7939630747132559753"
                        },
                        "meta": {},
                        "tainted": false
                    },
                    "deposed": [],
                    "provider": "provider.null"
                },
                "null_resource.ProvisionRemoteHostsToAnsibleNodes.2": {
                    "type": "null_resource",
                    "depends_on": [
                        "aws_instance.ansible_nodes.*"
                    ],
                    "primary": {
                        "id": "6300602743916207927",
                        "attributes": {
                            "id": "6300602743916207927"
                        },
                        "meta": {},
                        "tainted": false
                    },
                    "deposed": [],
                    "provider": "provider.null"
                }
            },
            "depends_on": []
        }
    ]
}
