{
    "version": 3,
    "terraform_version": "0.11.11",
    "serial": 8,
    "lineage": "6e7b7243-e545-785d-090c-4828ba00508a",
    "modules": [
        {
            "path": [
                "root"
            ],
            "outputs": {
                "acs_public_ip": {
                    "sensitive": false,
                    "type": "string",
                    "value": "3.227.22.180"
                },
                "ansible_nodes_public_ips": {
                    "sensitive": false,
                    "type": "list",
                    "value": [
                        "10.1.10.85",
                        "10.1.20.137",
                        "10.1.10.215"
                    ]
                }
            },
            "resources": {
                "aws_default_route_table.private": {
                    "type": "aws_default_route_table",
                    "depends_on": [
                        "aws_vpc.vpc"
                    ],
                    "primary": {
                        "id": "rtb-014df760ddd529b50",
                        "attributes": {
                            "default_route_table_id": "rtb-014df760ddd529b50",
                            "id": "rtb-014df760ddd529b50",
                            "owner_id": "473456517407",
                            "propagating_vgws.#": "0",
                            "route.#": "0",
                            "tags.%": "1",
                            "tags.Name": "ansible-private",
                            "vpc_id": "vpc-0c58f5e8f6b5545cd"
                        },
                        "meta": {},
                        "tainted": false
                    },
                    "deposed": [],
                    "provider": "provider.aws"
                },
                "aws_instance.acs": {
                    "type": "aws_instance",
                    "depends_on": [
                        "aws_key_pair.instance",
                        "aws_security_group.public",
                        "aws_subnet.public"
                    ],
                    "primary": {
                        "id": "i-0ef237fc24cc0222e",
                        "attributes": {
                            "ami": "ami-07ebfd5b3428b6f4d",
                            "arn": "arn:aws:ec2:us-east-1:473456517407:instance/i-0ef237fc24cc0222e",
                            "associate_public_ip_address": "true",
                            "availability_zone": "us-east-1a",
                            "cpu_core_count": "1",
                            "cpu_threads_per_core": "1",
                            "credit_specification.#": "1",
                            "credit_specification.0.cpu_credits": "standard",
                            "disable_api_termination": "false",
                            "ebs_block_device.#": "0",
                            "ebs_optimized": "false",
                            "ephemeral_block_device.#": "0",
                            "get_password_data": "false",
                            "hibernation": "false",
                            "iam_instance_profile": "",
                            "id": "i-0ef237fc24cc0222e",
                            "instance_state": "running",
                            "instance_type": "t2.micro",
                            "ipv6_address_count": "0",
                            "ipv6_addresses.#": "0",
                            "key_name": "id_rsa",
                            "monitoring": "false",
                            "network_interface.#": "0",
                            "password_data": "",
                            "placement_group": "",
                            "primary_network_interface_id": "eni-0ca7664533d9ceffc",
                            "private_dns": "ip-10-1-1-35.ec2.internal",
                            "private_ip": "10.1.1.35",
                            "public_dns": "",
                            "public_ip": "3.227.22.180",
                            "root_block_device.#": "1",
                            "root_block_device.0.delete_on_termination": "true",
                            "root_block_device.0.encrypted": "false",
                            "root_block_device.0.iops": "100",
                            "root_block_device.0.kms_key_id": "",
                            "root_block_device.0.volume_id": "vol-0515af1f01ed815fb",
                            "root_block_device.0.volume_size": "8",
                            "root_block_device.0.volume_type": "gp2",
                            "security_groups.#": "0",
                            "source_dest_check": "true",
                            "subnet_id": "subnet-00ae6c3a98df1fec6",
                            "tags.%": "1",
                            "tags.Name": "acs",
                            "tenancy": "default",
                            "volume_tags.%": "0",
                            "vpc_security_group_ids.#": "1",
                            "vpc_security_group_ids.4123765487": "sg-03181d124bf927dd3"
                        },
                        "meta": {
                            "e2bfb730-ecaa-11e6-8f88-34363bc7c4c0": {
                                "create": 600000000000,
                                "delete": 1200000000000,
                                "update": 600000000000
                            },
                            "schema_version": "1"
                        },
                        "tainted": false
                    },
                    "deposed": [],
                    "provider": "provider.aws"
                },
                "aws_instance.ansible_nodes.0": {
                    "type": "aws_instance",
                    "depends_on": [
                        "aws_key_pair.instance",
                        "aws_security_group.private",
                        "aws_subnet.private1",
                        "aws_subnet.private2"
                    ],
                    "primary": {
                        "id": "i-0017d4ed92bc2bee2",
                        "attributes": {
                            "ami": "ami-07ebfd5b3428b6f4d",
                            "arn": "arn:aws:ec2:us-east-1:473456517407:instance/i-0017d4ed92bc2bee2",
                            "associate_public_ip_address": "false",
                            "availability_zone": "us-east-1b",
                            "cpu_core_count": "1",
                            "cpu_threads_per_core": "1",
                            "credit_specification.#": "1",
                            "credit_specification.0.cpu_credits": "standard",
                            "disable_api_termination": "false",
                            "ebs_block_device.#": "0",
                            "ebs_optimized": "false",
                            "ephemeral_block_device.#": "0",
                            "get_password_data": "false",
                            "hibernation": "false",
                            "iam_instance_profile": "",
                            "id": "i-0017d4ed92bc2bee2",
                            "instance_state": "running",
                            "instance_type": "t2.micro",
                            "ipv6_address_count": "0",
                            "ipv6_addresses.#": "0",
                            "key_name": "id_rsa",
                            "monitoring": "false",
                            "network_interface.#": "0",
                            "password_data": "",
                            "placement_group": "",
                            "primary_network_interface_id": "eni-098cbaeb82ff91efe",
                            "private_dns": "ip-10-1-10-85.ec2.internal",
                            "private_ip": "10.1.10.85",
                            "public_dns": "",
                            "public_ip": "",
                            "root_block_device.#": "1",
                            "root_block_device.0.delete_on_termination": "true",
                            "root_block_device.0.encrypted": "false",
                            "root_block_device.0.iops": "100",
                            "root_block_device.0.kms_key_id": "",
                            "root_block_device.0.volume_id": "vol-08d51f18bbc021080",
                            "root_block_device.0.volume_size": "8",
                            "root_block_device.0.volume_type": "gp2",
                            "security_groups.#": "0",
                            "source_dest_check": "true",
                            "subnet_id": "subnet-00f66ba8d150955a6",
                            "tags.%": "1",
                            "tags.Name": "ansible_node_0",
                            "tenancy": "default",
                            "volume_tags.%": "0",
                            "vpc_security_group_ids.#": "1",
                            "vpc_security_group_ids.3246187284": "sg-04fbfe3b9e19eb55e"
                        },
                        "meta": {
                            "e2bfb730-ecaa-11e6-8f88-34363bc7c4c0": {
                                "create": 600000000000,
                                "delete": 1200000000000,
                                "update": 600000000000
                            },
                            "schema_version": "1"
                        },
                        "tainted": false
                    },
                    "deposed": [],
                    "provider": "provider.aws"
                },
                "aws_instance.ansible_nodes.1": {
                    "type": "aws_instance",
                    "depends_on": [
                        "aws_key_pair.instance",
                        "aws_security_group.private",
                        "aws_subnet.private1",
                        "aws_subnet.private2"
                    ],
                    "primary": {
                        "id": "i-0dc79fa5469271a43",
                        "attributes": {
                            "ami": "ami-07ebfd5b3428b6f4d",
                            "arn": "arn:aws:ec2:us-east-1:473456517407:instance/i-0dc79fa5469271a43",
                            "associate_public_ip_address": "false",
                            "availability_zone": "us-east-1c",
                            "cpu_core_count": "1",
                            "cpu_threads_per_core": "1",
                            "credit_specification.#": "1",
                            "credit_specification.0.cpu_credits": "standard",
                            "disable_api_termination": "false",
                            "ebs_block_device.#": "0",
                            "ebs_optimized": "false",
                            "ephemeral_block_device.#": "0",
                            "get_password_data": "false",
                            "hibernation": "false",
                            "iam_instance_profile": "",
                            "id": "i-0dc79fa5469271a43",
                            "instance_state": "running",
                            "instance_type": "t2.micro",
                            "ipv6_address_count": "0",
                            "ipv6_addresses.#": "0",
                            "key_name": "id_rsa",
                            "monitoring": "false",
                            "network_interface.#": "0",
                            "password_data": "",
                            "placement_group": "",
                            "primary_network_interface_id": "eni-08695a9fdade948e9",
                            "private_dns": "ip-10-1-20-137.ec2.internal",
                            "private_ip": "10.1.20.137",
                            "public_dns": "",
                            "public_ip": "",
                            "root_block_device.#": "1",
                            "root_block_device.0.delete_on_termination": "true",
                            "root_block_device.0.encrypted": "false",
                            "root_block_device.0.iops": "100",
                            "root_block_device.0.kms_key_id": "",
                            "root_block_device.0.volume_id": "vol-0300f90405309c69e",
                            "root_block_device.0.volume_size": "8",
                            "root_block_device.0.volume_type": "gp2",
                            "security_groups.#": "0",
                            "source_dest_check": "true",
                            "subnet_id": "subnet-08257e19c78e2c344",
                            "tags.%": "1",
                            "tags.Name": "ansible_node_1",
                            "tenancy": "default",
                            "volume_tags.%": "0",
                            "vpc_security_group_ids.#": "1",
                            "vpc_security_group_ids.3246187284": "sg-04fbfe3b9e19eb55e"
                        },
                        "meta": {
                            "e2bfb730-ecaa-11e6-8f88-34363bc7c4c0": {
                                "create": 600000000000,
                                "delete": 1200000000000,
                                "update": 600000000000
                            },
                            "schema_version": "1"
                        },
                        "tainted": false
                    },
                    "deposed": [],
                    "provider": "provider.aws"
                },
                "aws_instance.ansible_nodes.2": {
                    "type": "aws_instance",
                    "depends_on": [
                        "aws_key_pair.instance",
                        "aws_security_group.private",
                        "aws_subnet.private1",
                        "aws_subnet.private2"
                    ],
                    "primary": {
                        "id": "i-0506b60b3c0f5a4a6",
                        "attributes": {
                            "ami": "ami-07ebfd5b3428b6f4d",
                            "arn": "arn:aws:ec2:us-east-1:473456517407:instance/i-0506b60b3c0f5a4a6",
                            "associate_public_ip_address": "false",
                            "availability_zone": "us-east-1b",
                            "cpu_core_count": "1",
                            "cpu_threads_per_core": "1",
                            "credit_specification.#": "1",
                            "credit_specification.0.cpu_credits": "standard",
                            "disable_api_termination": "false",
                            "ebs_block_device.#": "0",
                            "ebs_optimized": "false",
                            "ephemeral_block_device.#": "0",
                            "get_password_data": "false",
                            "hibernation": "false",
                            "iam_instance_profile": "",
                            "id": "i-0506b60b3c0f5a4a6",
                            "instance_state": "running",
                            "instance_type": "t2.micro",
                            "ipv6_address_count": "0",
                            "ipv6_addresses.#": "0",
                            "key_name": "id_rsa",
                            "monitoring": "false",
                            "network_interface.#": "0",
                            "password_data": "",
                            "placement_group": "",
                            "primary_network_interface_id": "eni-02dc55d115142edde",
                            "private_dns": "ip-10-1-10-215.ec2.internal",
                            "private_ip": "10.1.10.215",
                            "public_dns": "",
                            "public_ip": "",
                            "root_block_device.#": "1",
                            "root_block_device.0.delete_on_termination": "true",
                            "root_block_device.0.encrypted": "false",
                            "root_block_device.0.iops": "100",
                            "root_block_device.0.kms_key_id": "",
                            "root_block_device.0.volume_id": "vol-0c1d3025639e630ec",
                            "root_block_device.0.volume_size": "8",
                            "root_block_device.0.volume_type": "gp2",
                            "security_groups.#": "0",
                            "source_dest_check": "true",
                            "subnet_id": "subnet-00f66ba8d150955a6",
                            "tags.%": "1",
                            "tags.Name": "ansible_node_2",
                            "tenancy": "default",
                            "volume_tags.%": "0",
                            "vpc_security_group_ids.#": "1",
                            "vpc_security_group_ids.3246187284": "sg-04fbfe3b9e19eb55e"
                        },
                        "meta": {
                            "e2bfb730-ecaa-11e6-8f88-34363bc7c4c0": {
                                "create": 600000000000,
                                "delete": 1200000000000,
                                "update": 600000000000
                            },
                            "schema_version": "1"
                        },
                        "tainted": false
                    },
                    "deposed": [],
                    "provider": "provider.aws"
                },
                "aws_internet_gateway.igw01": {
                    "type": "aws_internet_gateway",
                    "depends_on": [
                        "aws_vpc.vpc"
                    ],
                    "primary": {
                        "id": "igw-05a1745f9973317e0",
                        "attributes": {
                            "id": "igw-05a1745f9973317e0",
                            "owner_id": "473456517407",
                            "tags.%": "1",
                            "tags.Name": "ansible-igw01",
                            "vpc_id": "vpc-0c58f5e8f6b5545cd"
                        },
                        "meta": {},
                        "tainted": false
                    },
                    "deposed": [],
                    "provider": "provider.aws"
                },
                "aws_key_pair.instance": {
                    "type": "aws_key_pair",
                    "depends_on": [],
                    "primary": {
                        "id": "id_rsa",
                        "attributes": {
                            "fingerprint": "0b:70:7e:18:45:8d:69:2b:bf:e8:2f:53:73:5b:46:db",
                            "id": "id_rsa",
                            "key_name": "id_rsa",
                            "key_pair_id": "key-0ab3fb915a9659cc8",
                            "public_key": "ssh-rsa AAAAB3NzaC1yc2EAAAADAQABAAABAQC8RQ2D3w6tK//StGdgyjjzxNKfilV+PIQakDCNCUZF0TtBN7B6jItLz6TjQZmn96VPtRfU8V0fR6qNerQWSN0FVmdEXupbUZnRFIvJ3bV4m0rNpNsWSMJ39qaO0uyqVgDlPSKKjqm6BguT/oYd6AkfRWxozYAMcOZw9hxe4qKidSAXJWXGKc3ugCOSeNoRFs/OWjegUviuSrcAFT53m9Fia2NGTn0tYuO86/7Z7V39IA2QxEm1Ee6oLQD4p3yg8heP+27vuxB6SocPt4h5qZrzlgJAlCkgyOuuXG9I2W4J7o6+65gHiL8rqIwLOf8bnkCG8vx6yA7176P2WhXJnL1J Arjun Shrinvas@GeekHost",
                            "tags.%": "0"
                        },
                        "meta": {
                            "schema_version": "1"
                        },
                        "tainted": false
                    },
                    "deposed": [],
                    "provider": "provider.aws"
                },
                "aws_route_table.public": {
                    "type": "aws_route_table",
                    "depends_on": [
                        "aws_internet_gateway.igw01",
                        "aws_vpc.vpc"
                    ],
                    "primary": {
                        "id": "rtb-0c4bc55aa497e778d",
                        "attributes": {
                            "id": "rtb-0c4bc55aa497e778d",
                            "owner_id": "473456517407",
                            "propagating_vgws.#": "0",
                            "route.#": "1",
                            "route.1446627102.cidr_block": "0.0.0.0/0",
                            "route.1446627102.egress_only_gateway_id": "",
                            "route.1446627102.gateway_id": "igw-05a1745f9973317e0",
                            "route.1446627102.instance_id": "",
                            "route.1446627102.ipv6_cidr_block": "",
                            "route.1446627102.nat_gateway_id": "",
                            "route.1446627102.network_interface_id": "",
                            "route.1446627102.transit_gateway_id": "",
                            "route.1446627102.vpc_peering_connection_id": "",
                            "tags.%": "1",
                            "tags.Name": "ansible-public",
                            "vpc_id": "vpc-0c58f5e8f6b5545cd"
                        },
                        "meta": {},
                        "tainted": false
                    },
                    "deposed": [],
                    "provider": "provider.aws"
                },
                "aws_route_table_association.private1-assoc": {
                    "type": "aws_route_table_association",
                    "depends_on": [
                        "aws_route_table.public",
                        "aws_subnet.private1"
                    ],
                    "primary": {
                        "id": "rtbassoc-05f94ce9d114c2fd0",
                        "attributes": {
                            "id": "rtbassoc-05f94ce9d114c2fd0",
                            "route_table_id": "rtb-0c4bc55aa497e778d",
                            "subnet_id": "subnet-00f66ba8d150955a6"
                        },
                        "meta": {},
                        "tainted": false
                    },
                    "deposed": [],
                    "provider": "provider.aws"
                },
                "aws_route_table_association.private2-assoc": {
                    "type": "aws_route_table_association",
                    "depends_on": [
                        "aws_route_table.public",
                        "aws_subnet.private2"
                    ],
                    "primary": {
                        "id": "rtbassoc-045438ef9f451b9e1",
                        "attributes": {
                            "id": "rtbassoc-045438ef9f451b9e1",
                            "route_table_id": "rtb-0c4bc55aa497e778d",
                            "subnet_id": "subnet-08257e19c78e2c344"
                        },
                        "meta": {},
                        "tainted": false
                    },
                    "deposed": [],
                    "provider": "provider.aws"
                },
                "aws_route_table_association.public_assoc": {
                    "type": "aws_route_table_association",
                    "depends_on": [
                        "aws_route_table.public",
                        "aws_subnet.public"
                    ],
                    "primary": {
                        "id": "rtbassoc-0514133c26b3065ce",
                        "attributes": {
                            "id": "rtbassoc-0514133c26b3065ce",
                            "route_table_id": "rtb-0c4bc55aa497e778d",
                            "subnet_id": "subnet-00ae6c3a98df1fec6"
                        },
                        "meta": {},
                        "tainted": false
                    },
                    "deposed": [],
                    "provider": "provider.aws"
                },
                "aws_security_group.jumphost": {
                    "type": "aws_security_group",
                    "depends_on": [
                        "aws_vpc.vpc"
                    ],
                    "primary": {
                        "id": "sg-06a09a7cbfa67f5e7",
                        "attributes": {
                            "arn": "arn:aws:ec2:us-east-1:473456517407:security-group/sg-06a09a7cbfa67f5e7",
                            "description": "Used for Jump host access",
                            "egress.#": "0",
                            "id": "sg-06a09a7cbfa67f5e7",
                            "ingress.#": "1",
                            "ingress.2541437006.cidr_blocks.#": "1",
                            "ingress.2541437006.cidr_blocks.0": "0.0.0.0/0",
                            "ingress.2541437006.description": "",
                            "ingress.2541437006.from_port": "22",
                            "ingress.2541437006.ipv6_cidr_blocks.#": "0",
                            "ingress.2541437006.prefix_list_ids.#": "0",
                            "ingress.2541437006.protocol": "tcp",
                            "ingress.2541437006.security_groups.#": "0",
                            "ingress.2541437006.self": "false",
                            "ingress.2541437006.to_port": "22",
                            "name": "ansible-sg_jumphost",
                            "owner_id": "473456517407",
                            "revoke_rules_on_delete": "false",
                            "tags.%": "1",
                            "tags.Name": "ansible-sg_jumphost",
                            "vpc_id": "vpc-0c58f5e8f6b5545cd"
                        },
                        "meta": {
                            "e2bfb730-ecaa-11e6-8f88-34363bc7c4c0": {
                                "create": 600000000000,
                                "delete": 600000000000
                            },
                            "schema_version": "1"
                        },
                        "tainted": false
                    },
                    "deposed": [],
                    "provider": "provider.aws"
                },
                "aws_security_group.private": {
                    "type": "aws_security_group",
                    "depends_on": [
                        "aws_vpc.vpc"
                    ],
                    "primary": {
                        "id": "sg-04fbfe3b9e19eb55e",
                        "attributes": {
                            "arn": "arn:aws:ec2:us-east-1:473456517407:security-group/sg-04fbfe3b9e19eb55e",
                            "description": "Used for private instances",
                            "egress.#": "1",
                            "egress.482069346.cidr_blocks.#": "1",
                            "egress.482069346.cidr_blocks.0": "0.0.0.0/0",
                            "egress.482069346.description": "",
                            "egress.482069346.from_port": "0",
                            "egress.482069346.ipv6_cidr_blocks.#": "0",
                            "egress.482069346.prefix_list_ids.#": "0",
                            "egress.482069346.protocol": "-1",
                            "egress.482069346.security_groups.#": "0",
                            "egress.482069346.self": "false",
                            "egress.482069346.to_port": "0",
                            "id": "sg-04fbfe3b9e19eb55e",
                            "ingress.#": "1",
                            "ingress.130907355.cidr_blocks.#": "2",
                            "ingress.130907355.cidr_blocks.0": "10.1.0.0/16",
                            "ingress.130907355.cidr_blocks.1": "0.0.0.0/0",
                            "ingress.130907355.description": "",
                            "ingress.130907355.from_port": "0",
                            "ingress.130907355.ipv6_cidr_blocks.#": "0",
                            "ingress.130907355.prefix_list_ids.#": "0",
                            "ingress.130907355.protocol": "-1",
                            "ingress.130907355.security_groups.#": "0",
                            "ingress.130907355.self": "false",
                            "ingress.130907355.to_port": "0",
                            "name": "ansible-sg_private",
                            "owner_id": "473456517407",
                            "revoke_rules_on_delete": "false",
                            "tags.%": "1",
                            "tags.Name": "ansible-sg_private",
                            "vpc_id": "vpc-0c58f5e8f6b5545cd"
                        },
                        "meta": {
                            "e2bfb730-ecaa-11e6-8f88-34363bc7c4c0": {
                                "create": 600000000000,
                                "delete": 600000000000
                            },
                            "schema_version": "1"
                        },
                        "tainted": false
                    },
                    "deposed": [],
                    "provider": "provider.aws"
                },
                "aws_security_group.public": {
                    "type": "aws_security_group",
                    "depends_on": [
                        "aws_vpc.vpc"
                    ],
                    "primary": {
                        "id": "sg-03181d124bf927dd3",
                        "attributes": {
                            "arn": "arn:aws:ec2:us-east-1:473456517407:security-group/sg-03181d124bf927dd3",
                            "description": "Used for Public and Private instances for load balancer access",
                            "egress.#": "1",
                            "egress.482069346.cidr_blocks.#": "1",
                            "egress.482069346.cidr_blocks.0": "0.0.0.0/0",
                            "egress.482069346.description": "",
                            "egress.482069346.from_port": "0",
                            "egress.482069346.ipv6_cidr_blocks.#": "0",
                            "egress.482069346.prefix_list_ids.#": "0",
                            "egress.482069346.protocol": "-1",
                            "egress.482069346.security_groups.#": "0",
                            "egress.482069346.self": "false",
                            "egress.482069346.to_port": "0",
                            "id": "sg-03181d124bf927dd3",
                            "ingress.#": "2",
                            "ingress.1248900448.cidr_blocks.#": "1",
                            "ingress.1248900448.cidr_blocks.0": "0.0.0.0/0",
                            "ingress.1248900448.description": "Allow SSH",
                            "ingress.1248900448.from_port": "22",
                            "ingress.1248900448.ipv6_cidr_blocks.#": "0",
                            "ingress.1248900448.prefix_list_ids.#": "0",
                            "ingress.1248900448.protocol": "tcp",
                            "ingress.1248900448.security_groups.#": "0",
                            "ingress.1248900448.self": "false",
                            "ingress.1248900448.to_port": "22",
                            "ingress.4081731457.cidr_blocks.#": "1",
                            "ingress.4081731457.cidr_blocks.0": "0.0.0.0/0",
                            "ingress.4081731457.description": "Allow HTTP",
                            "ingress.4081731457.from_port": "80",
                            "ingress.4081731457.ipv6_cidr_blocks.#": "0",
                            "ingress.4081731457.prefix_list_ids.#": "0",
                            "ingress.4081731457.protocol": "tcp",
                            "ingress.4081731457.security_groups.#": "0",
                            "ingress.4081731457.self": "false",
                            "ingress.4081731457.to_port": "80",
                            "name": "ansible-sg_public",
                            "owner_id": "473456517407",
                            "revoke_rules_on_delete": "false",
                            "tags.%": "1",
                            "tags.Name": "ansible-sg_public",
                            "vpc_id": "vpc-0c58f5e8f6b5545cd"
                        },
                        "meta": {
                            "e2bfb730-ecaa-11e6-8f88-34363bc7c4c0": {
                                "create": 600000000000,
                                "delete": 600000000000
                            },
                            "schema_version": "1"
                        },
                        "tainted": false
                    },
                    "deposed": [],
                    "provider": "provider.aws"
                },
                "aws_subnet.private1": {
                    "type": "aws_subnet",
                    "depends_on": [
                        "aws_vpc.vpc"
                    ],
                    "primary": {
                        "id": "subnet-00f66ba8d150955a6",
                        "attributes": {
                            "arn": "arn:aws:ec2:us-east-1:473456517407:subnet/subnet-00f66ba8d150955a6",
                            "assign_ipv6_address_on_creation": "false",
                            "availability_zone": "us-east-1b",
                            "availability_zone_id": "use1-az2",
                            "cidr_block": "10.1.10.0/24",
                            "id": "subnet-00f66ba8d150955a6",
                            "ipv6_cidr_block": "",
                            "ipv6_cidr_block_association_id": "",
                            "map_public_ip_on_launch": "false",
                            "owner_id": "473456517407",
                            "tags.%": "1",
                            "tags.Name": "ansible-private1",
                            "vpc_id": "vpc-0c58f5e8f6b5545cd"
                        },
                        "meta": {
                            "e2bfb730-ecaa-11e6-8f88-34363bc7c4c0": {
                                "create": 600000000000,
                                "delete": 1200000000000
                            },
                            "schema_version": "1"
                        },
                        "tainted": false
                    },
                    "deposed": [],
                    "provider": "provider.aws"
                },
                "aws_subnet.private2": {
                    "type": "aws_subnet",
                    "depends_on": [
                        "aws_vpc.vpc"
                    ],
                    "primary": {
                        "id": "subnet-08257e19c78e2c344",
                        "attributes": {
                            "arn": "arn:aws:ec2:us-east-1:473456517407:subnet/subnet-08257e19c78e2c344",
                            "assign_ipv6_address_on_creation": "false",
                            "availability_zone": "us-east-1c",
                            "availability_zone_id": "use1-az4",
                            "cidr_block": "10.1.20.0/24",
                            "id": "subnet-08257e19c78e2c344",
                            "ipv6_cidr_block": "",
                            "ipv6_cidr_block_association_id": "",
                            "map_public_ip_on_launch": "false",
                            "owner_id": "473456517407",
                            "tags.%": "1",
                            "tags.Name": "ansible-private2",
                            "vpc_id": "vpc-0c58f5e8f6b5545cd"
                        },
                        "meta": {
                            "e2bfb730-ecaa-11e6-8f88-34363bc7c4c0": {
                                "create": 600000000000,
                                "delete": 1200000000000
                            },
                            "schema_version": "1"
                        },
                        "tainted": false
                    },
                    "deposed": [],
                    "provider": "provider.aws"
                },
                "aws_subnet.public": {
                    "type": "aws_subnet",
                    "depends_on": [
                        "aws_vpc.vpc"
                    ],
                    "primary": {
                        "id": "subnet-00ae6c3a98df1fec6",
                        "attributes": {
                            "arn": "arn:aws:ec2:us-east-1:473456517407:subnet/subnet-00ae6c3a98df1fec6",
                            "assign_ipv6_address_on_creation": "false",
                            "availability_zone": "us-east-1a",
                            "availability_zone_id": "use1-az1",
                            "cidr_block": "10.1.1.0/24",
                            "id": "subnet-00ae6c3a98df1fec6",
                            "ipv6_cidr_block": "",
                            "ipv6_cidr_block_association_id": "",
                            "map_public_ip_on_launch": "true",
                            "owner_id": "473456517407",
                            "tags.%": "1",
                            "tags.Name": "ansible-public",
                            "vpc_id": "vpc-0c58f5e8f6b5545cd"
                        },
                        "meta": {
                            "e2bfb730-ecaa-11e6-8f88-34363bc7c4c0": {
                                "create": 600000000000,
                                "delete": 1200000000000
                            },
                            "schema_version": "1"
                        },
                        "tainted": false
                    },
                    "deposed": [],
                    "provider": "provider.aws"
                },
                "aws_vpc.vpc": {
                    "type": "aws_vpc",
                    "depends_on": [],
                    "primary": {
                        "id": "vpc-0c58f5e8f6b5545cd",
                        "attributes": {
                            "arn": "arn:aws:ec2:us-east-1:473456517407:vpc/vpc-0c58f5e8f6b5545cd",
                            "assign_generated_ipv6_cidr_block": "false",
                            "cidr_block": "10.1.0.0/16",
                            "default_network_acl_id": "acl-0e5de017e4d99181c",
                            "default_route_table_id": "rtb-014df760ddd529b50",
                            "default_security_group_id": "sg-07a14df0f070824a8",
                            "dhcp_options_id": "dopt-070b9e9c92529dcdb",
                            "enable_classiclink": "false",
                            "enable_classiclink_dns_support": "false",
                            "enable_dns_hostnames": "false",
                            "enable_dns_support": "true",
                            "id": "vpc-0c58f5e8f6b5545cd",
                            "instance_tenancy": "default",
                            "ipv6_association_id": "",
                            "ipv6_cidr_block": "",
                            "main_route_table_id": "rtb-014df760ddd529b50",
                            "owner_id": "473456517407",
                            "tags.%": "1",
                            "tags.Name": "ansible"
                        },
                        "meta": {
                            "schema_version": "1"
                        },
                        "tainted": false
                    },
                    "deposed": [],
                    "provider": "provider.aws"
                },
                "local_file.ansible_inventory": {
                    "type": "local_file",
                    "depends_on": [
                        "aws_instance.acs",
                        "aws_instance.ansible_nodes.*"
                    ],
                    "primary": {
                        "id": "af3c661801bc4ffd413a3a19309e76d33fb65bfb",
                        "attributes": {
                            "content": "[server]\n10.1.1.35\n\n[nodes]\n10.1.10.85\n10.1.20.137\n10.1.10.215\nhost_key_checking=false",
                            "directory_permission": "0777",
                            "file_permission": "0777",
                            "filename": "ec2NodesInv",
                            "id": "af3c661801bc4ffd413a3a19309e76d33fb65bfb"
                        },
                        "meta": {},
                        "tainted": false
                    },
                    "deposed": [],
                    "provider": "provider.local"
                },
                "null_resource.CopyAnsibleFiles": {
                    "type": "null_resource",
                    "depends_on": [
                        "aws_instance.acs"
                    ],
                    "primary": {
                        "id": "1691561317590741718",
                        "attributes": {
                            "id": "1691561317590741718"
                        },
                        "meta": {},
                        "tainted": true
                    },
                    "deposed": [],
                    "provider": "provider.null"
                }
            },
            "depends_on": []
        }
    ]
}
